// !$*UTF8*$!
{
	archiveVersion = 1;
	classes = {
	};
	objectVersion = 56;
	objects = {

/* Begin PBXBuildFile section */
		52030B352AC4572300758202 /* ApiClient.swift in Sources */ = {isa = PBXBuildFile; fileRef = 52030B342AC4572300758202 /* ApiClient.swift */; };
		52030B372AC4692600758202 /* PostsList.swift in Sources */ = {isa = PBXBuildFile; fileRef = 52030B362AC4692600758202 /* PostsList.swift */; };
		52138A162AC8162500C75585 /* CoreData.swift in Sources */ = {isa = PBXBuildFile; fileRef = 52138A152AC8162500C75585 /* CoreData.swift */; };
		52138A192AC8164700C75585 /* GS.xcdatamodeld in Sources */ = {isa = PBXBuildFile; fileRef = 52138A172AC8164700C75585 /* GS.xcdatamodeld */; };
		52138A292AC865BB00C75585 /* Posts.json in Resources */ = {isa = PBXBuildFile; fileRef = 52138A282AC865BB00C75585 /* Posts.json */; };
		52138A2C2AC9BD7B00C75585 /* Logger.swift in Sources */ = {isa = PBXBuildFile; fileRef = 52138A2B2AC9BD7B00C75585 /* Logger.swift */; };
		52138A2F2AC9BDC700C75585 /* Logging in Frameworks */ = {isa = PBXBuildFile; productRef = 52138A2E2AC9BDC700C75585 /* Logging */; };
		52138A332AC9DAE600C75585 /* PostDTO.swift in Sources */ = {isa = PBXBuildFile; fileRef = 52138A322AC9DAE600C75585 /* PostDTO.swift */; };
		5219AF0C2AE2CD780083E7BE /* CategoriesProvider.swift in Sources */ = {isa = PBXBuildFile; fileRef = 5219AF0B2AE2CD780083E7BE /* CategoriesProvider.swift */; };
		5219AF0F2AE3036C0083E7BE /* CollectionExtensions.swift in Sources */ = {isa = PBXBuildFile; fileRef = 5219AF0E2AE3036C0083E7BE /* CollectionExtensions.swift */; };
		5219AF122AE415850083E7BE /* URLExtensions.swift in Sources */ = {isa = PBXBuildFile; fileRef = 5219AF112AE415850083E7BE /* URLExtensions.swift */; };
		5219AF162AE416D20083E7BE /* RedTabFeature.swift in Sources */ = {isa = PBXBuildFile; fileRef = 5219AF152AE416D20083E7BE /* RedTabFeature.swift */; };
		5219AF1B2AE417750083E7BE /* CategoriesDataSource.swift in Sources */ = {isa = PBXBuildFile; fileRef = 5219AF1A2AE417750083E7BE /* CategoriesDataSource.swift */; };
		5219AF1E2AE418610083E7BE /* GreenTabFeature.swift in Sources */ = {isa = PBXBuildFile; fileRef = 5219AF1D2AE417C80083E7BE /* GreenTabFeature.swift */; };
		5225049D2AF1611E003D5C0C /* DictionaryExtensions.swift in Sources */ = {isa = PBXBuildFile; fileRef = 5225049C2AF1611E003D5C0C /* DictionaryExtensions.swift */; };
		5228861E2AD9B4BD000BBD00 /* SwiftUINavigation in Frameworks */ = {isa = PBXBuildFile; productRef = 5228861D2AD9B4BD000BBD00 /* SwiftUINavigation */; };
		522D6F362AE1928D002480AC /* all_DB.json in Resources */ = {isa = PBXBuildFile; fileRef = 522D6F352AE191FD002480AC /* all_DB.json */; };
		523752C32AC1EF930007C48A /* GoldenSewingSUIApp.swift in Sources */ = {isa = PBXBuildFile; fileRef = 523752C22AC1EF930007C48A /* GoldenSewingSUIApp.swift */; };
		523752C72AC1EF950007C48A /* Assets.xcassets in Resources */ = {isa = PBXBuildFile; fileRef = 523752C62AC1EF950007C48A /* Assets.xcassets */; };
		523752CA2AC1EF950007C48A /* Preview Assets.xcassets in Resources */ = {isa = PBXBuildFile; fileRef = 523752C92AC1EF950007C48A /* Preview Assets.xcassets */; };
		523752D12AC1EFBB0007C48A /* CategoriesList.swift in Sources */ = {isa = PBXBuildFile; fileRef = 523752D02AC1EFBB0007C48A /* CategoriesList.swift */; };
		523752D42AC1F0380007C48A /* ComposableArchitecture in Frameworks */ = {isa = PBXBuildFile; productRef = 523752D32AC1F0380007C48A /* ComposableArchitecture */; };
		523752D92AC1F8E60007C48A /* Categories.json in Resources */ = {isa = PBXBuildFile; fileRef = 523752D82AC1F8E60007C48A /* Categories.json */; };
		523752DC2AC1FAF90007C48A /* DiskDataLoader.swift in Sources */ = {isa = PBXBuildFile; fileRef = 523752DB2AC1FAF90007C48A /* DiskDataLoader.swift */; };
		5263957C2ACE8F1600C8D48A /* CategoryDTO.swift in Sources */ = {isa = PBXBuildFile; fileRef = 5263957B2ACE8F1600C8D48A /* CategoryDTO.swift */; };
		5298866C2AEC3859006716FF /* PostsDataSource.swift in Sources */ = {isa = PBXBuildFile; fileRef = 5298866B2AEC3859006716FF /* PostsDataSource.swift */; };
		52A632512AF01DF800A179A8 /* PostsProvider.swift in Sources */ = {isa = PBXBuildFile; fileRef = 52A632502AF01DF800A179A8 /* PostsProvider.swift */; };
		52A632552AF024DF00A179A8 /* PostsDataProviderTests.swift in Sources */ = {isa = PBXBuildFile; fileRef = 52A632542AF024DF00A179A8 /* PostsDataProviderTests.swift */; };
		52A632582AF034A200A179A8 /* PostDetail.swift in Sources */ = {isa = PBXBuildFile; fileRef = 52A632572AF034A200A179A8 /* PostDetail.swift */; };
		52A71E022AF2CA8200303415 /* GenericDecodable.swift in Sources */ = {isa = PBXBuildFile; fileRef = 52A71E012AF2CA8200303415 /* GenericDecodable.swift */; };
		52A81F472AC35F3D003D8F46 /* CategoriesDataProviderTests.swift in Sources */ = {isa = PBXBuildFile; fileRef = 52A81F462AC35F3D003D8F46 /* CategoriesDataProviderTests.swift */; };
		52F4EFC22AC30EC700BAA6FB /* AppFeature.swift in Sources */ = {isa = PBXBuildFile; fileRef = 52F4EFC12AC30EC700BAA6FB /* AppFeature.swift */; };
		52F4EFC52AC342BC00BAA6FB /* UserDefaultsClient.swift in Sources */ = {isa = PBXBuildFile; fileRef = 52F4EFC42AC342BC00BAA6FB /* UserDefaultsClient.swift */; };
		52FCA0132AF4315500BDDD64 /* Int32ArrayValueTransformer.swift in Sources */ = {isa = PBXBuildFile; fileRef = 52FCA0122AF4315500BDDD64 /* Int32ArrayValueTransformer.swift */; };
		52FCA0152AF4318B00BDDD64 /* DataExtensions.swift in Sources */ = {isa = PBXBuildFile; fileRef = 52FCA0142AF4318B00BDDD64 /* DataExtensions.swift */; };
		52FCA0202AF573F900BDDD64 /* AsyncImageService.swift in Sources */ = {isa = PBXBuildFile; fileRef = 52FCA01F2AF573F900BDDD64 /* AsyncImageService.swift */; };
		52FCA0222AF57F0800BDDD64 /* MediaDTO.swift in Sources */ = {isa = PBXBuildFile; fileRef = 52FCA0212AF57F0800BDDD64 /* MediaDTO.swift */; };
		52FCA0252AF580B500BDDD64 /* MediaProvider.swift in Sources */ = {isa = PBXBuildFile; fileRef = 52FCA0242AF580B500BDDD64 /* MediaProvider.swift */; };
		52FCA0272AF68C3100BDDD64 /* StringExtensions.swift in Sources */ = {isa = PBXBuildFile; fileRef = 52FCA0262AF68C3100BDDD64 /* StringExtensions.swift */; };
		52FCA0292AF68C5B00BDDD64 /* ImageCache.swift in Sources */ = {isa = PBXBuildFile; fileRef = 52FCA0282AF68C5B00BDDD64 /* ImageCache.swift */; };
		52FED0D82AF699CB00490D31 /* CyrillicOld.ttf in Resources */ = {isa = PBXBuildFile; fileRef = 52FED0D72AF699CB00490D31 /* CyrillicOld.ttf */; };
/* End PBXBuildFile section */

/* Begin PBXContainerItemProxy section */
		52A81F482AC35F3D003D8F46 /* PBXContainerItemProxy */ = {
			isa = PBXContainerItemProxy;
			containerPortal = 523752B72AC1EF930007C48A /* Project object */;
			proxyType = 1;
			remoteGlobalIDString = 523752BE2AC1EF930007C48A;
			remoteInfo = GoldenSewingSUI;
		};
/* End PBXContainerItemProxy section */

/* Begin PBXFileReference section */
		52030B342AC4572300758202 /* ApiClient.swift */ = {isa = PBXFileReference; lastKnownFileType = sourcecode.swift; path = ApiClient.swift; sourceTree = "<group>"; };
		52030B362AC4692600758202 /* PostsList.swift */ = {isa = PBXFileReference; lastKnownFileType = sourcecode.swift; path = PostsList.swift; sourceTree = "<group>"; };
		52138A152AC8162500C75585 /* CoreData.swift */ = {isa = PBXFileReference; lastKnownFileType = sourcecode.swift; path = CoreData.swift; sourceTree = "<group>"; };
		52138A182AC8164700C75585 /* GS.xcdatamodel */ = {isa = PBXFileReference; lastKnownFileType = wrapper.xcdatamodel; path = GS.xcdatamodel; sourceTree = "<group>"; };
		52138A282AC865BB00C75585 /* Posts.json */ = {isa = PBXFileReference; fileEncoding = 4; lastKnownFileType = text.json; path = Posts.json; sourceTree = "<group>"; };
		52138A2B2AC9BD7B00C75585 /* Logger.swift */ = {isa = PBXFileReference; lastKnownFileType = sourcecode.swift; path = Logger.swift; sourceTree = "<group>"; };
		52138A322AC9DAE600C75585 /* PostDTO.swift */ = {isa = PBXFileReference; lastKnownFileType = sourcecode.swift; path = PostDTO.swift; sourceTree = "<group>"; };
		5219AF0B2AE2CD780083E7BE /* CategoriesProvider.swift */ = {isa = PBXFileReference; lastKnownFileType = sourcecode.swift; path = CategoriesProvider.swift; sourceTree = "<group>"; };
		5219AF0E2AE3036C0083E7BE /* CollectionExtensions.swift */ = {isa = PBXFileReference; lastKnownFileType = sourcecode.swift; path = CollectionExtensions.swift; sourceTree = "<group>"; };
		5219AF112AE415850083E7BE /* URLExtensions.swift */ = {isa = PBXFileReference; lastKnownFileType = sourcecode.swift; path = URLExtensions.swift; sourceTree = "<group>"; };
		5219AF152AE416D20083E7BE /* RedTabFeature.swift */ = {isa = PBXFileReference; lastKnownFileType = sourcecode.swift; path = RedTabFeature.swift; sourceTree = "<group>"; };
		5219AF1A2AE417750083E7BE /* CategoriesDataSource.swift */ = {isa = PBXFileReference; lastKnownFileType = sourcecode.swift; path = CategoriesDataSource.swift; sourceTree = "<group>"; };
		5219AF1D2AE417C80083E7BE /* GreenTabFeature.swift */ = {isa = PBXFileReference; lastKnownFileType = sourcecode.swift; path = GreenTabFeature.swift; sourceTree = "<group>"; };
		5225049C2AF1611E003D5C0C /* DictionaryExtensions.swift */ = {isa = PBXFileReference; lastKnownFileType = sourcecode.swift; path = DictionaryExtensions.swift; sourceTree = "<group>"; };
		522D6F352AE191FD002480AC /* all_DB.json */ = {isa = PBXFileReference; lastKnownFileType = text.json; path = all_DB.json; sourceTree = "<group>"; };
		523752BF2AC1EF930007C48A /* GoldenSewingSUI.app */ = {isa = PBXFileReference; explicitFileType = wrapper.application; includeInIndex = 0; path = GoldenSewingSUI.app; sourceTree = BUILT_PRODUCTS_DIR; };
		523752C22AC1EF930007C48A /* GoldenSewingSUIApp.swift */ = {isa = PBXFileReference; lastKnownFileType = sourcecode.swift; path = GoldenSewingSUIApp.swift; sourceTree = "<group>"; };
		523752C62AC1EF950007C48A /* Assets.xcassets */ = {isa = PBXFileReference; lastKnownFileType = folder.assetcatalog; path = Assets.xcassets; sourceTree = "<group>"; };
		523752C92AC1EF950007C48A /* Preview Assets.xcassets */ = {isa = PBXFileReference; lastKnownFileType = folder.assetcatalog; path = "Preview Assets.xcassets"; sourceTree = "<group>"; };
		523752D02AC1EFBB0007C48A /* CategoriesList.swift */ = {isa = PBXFileReference; lastKnownFileType = sourcecode.swift; path = CategoriesList.swift; sourceTree = "<group>"; };
		523752D82AC1F8E60007C48A /* Categories.json */ = {isa = PBXFileReference; lastKnownFileType = text.json; path = Categories.json; sourceTree = "<group>"; };
		523752DB2AC1FAF90007C48A /* DiskDataLoader.swift */ = {isa = PBXFileReference; lastKnownFileType = sourcecode.swift; path = DiskDataLoader.swift; sourceTree = "<group>"; };
		5263957B2ACE8F1600C8D48A /* CategoryDTO.swift */ = {isa = PBXFileReference; lastKnownFileType = sourcecode.swift; path = CategoryDTO.swift; sourceTree = "<group>"; };
		5298866B2AEC3859006716FF /* PostsDataSource.swift */ = {isa = PBXFileReference; lastKnownFileType = sourcecode.swift; path = PostsDataSource.swift; sourceTree = "<group>"; };
		52A632502AF01DF800A179A8 /* PostsProvider.swift */ = {isa = PBXFileReference; lastKnownFileType = sourcecode.swift; path = PostsProvider.swift; sourceTree = "<group>"; };
		52A632542AF024DF00A179A8 /* PostsDataProviderTests.swift */ = {isa = PBXFileReference; lastKnownFileType = sourcecode.swift; path = PostsDataProviderTests.swift; sourceTree = "<group>"; };
		52A632572AF034A200A179A8 /* PostDetail.swift */ = {isa = PBXFileReference; lastKnownFileType = sourcecode.swift; path = PostDetail.swift; sourceTree = "<group>"; };
		52A71E012AF2CA8200303415 /* GenericDecodable.swift */ = {isa = PBXFileReference; lastKnownFileType = sourcecode.swift; path = GenericDecodable.swift; sourceTree = "<group>"; };
		52A81F442AC35F3D003D8F46 /* GoldenSewingSUITests.xctest */ = {isa = PBXFileReference; explicitFileType = wrapper.cfbundle; includeInIndex = 0; path = GoldenSewingSUITests.xctest; sourceTree = BUILT_PRODUCTS_DIR; };
		52A81F462AC35F3D003D8F46 /* CategoriesDataProviderTests.swift */ = {isa = PBXFileReference; lastKnownFileType = sourcecode.swift; path = CategoriesDataProviderTests.swift; sourceTree = "<group>"; };
		52B8CD6A2AF69C1800962EEF /* Info.plist */ = {isa = PBXFileReference; lastKnownFileType = text.plist; path = Info.plist; sourceTree = "<group>"; };
		52F4EFC12AC30EC700BAA6FB /* AppFeature.swift */ = {isa = PBXFileReference; lastKnownFileType = sourcecode.swift; path = AppFeature.swift; sourceTree = "<group>"; };
		52F4EFC42AC342BC00BAA6FB /* UserDefaultsClient.swift */ = {isa = PBXFileReference; lastKnownFileType = sourcecode.swift; path = UserDefaultsClient.swift; sourceTree = "<group>"; };
		52FCA0122AF4315500BDDD64 /* Int32ArrayValueTransformer.swift */ = {isa = PBXFileReference; lastKnownFileType = sourcecode.swift; path = Int32ArrayValueTransformer.swift; sourceTree = "<group>"; };
		52FCA0142AF4318B00BDDD64 /* DataExtensions.swift */ = {isa = PBXFileReference; lastKnownFileType = sourcecode.swift; path = DataExtensions.swift; sourceTree = "<group>"; };
		52FCA01F2AF573F900BDDD64 /* AsyncImageService.swift */ = {isa = PBXFileReference; lastKnownFileType = sourcecode.swift; path = AsyncImageService.swift; sourceTree = "<group>"; };
		52FCA0212AF57F0800BDDD64 /* MediaDTO.swift */ = {isa = PBXFileReference; lastKnownFileType = sourcecode.swift; path = MediaDTO.swift; sourceTree = "<group>"; };
		52FCA0242AF580B500BDDD64 /* MediaProvider.swift */ = {isa = PBXFileReference; lastKnownFileType = sourcecode.swift; path = MediaProvider.swift; sourceTree = "<group>"; };
		52FCA0262AF68C3100BDDD64 /* StringExtensions.swift */ = {isa = PBXFileReference; lastKnownFileType = sourcecode.swift; path = StringExtensions.swift; sourceTree = "<group>"; };
		52FCA0282AF68C5B00BDDD64 /* ImageCache.swift */ = {isa = PBXFileReference; lastKnownFileType = sourcecode.swift; path = ImageCache.swift; sourceTree = "<group>"; };
		52FED0D62AF697D400490D31 /* Info.plist */ = {isa = PBXFileReference; lastKnownFileType = text.plist; path = Info.plist; sourceTree = "<group>"; };
		52FED0D72AF699CB00490D31 /* CyrillicOld.ttf */ = {isa = PBXFileReference; lastKnownFileType = file; path = CyrillicOld.ttf; sourceTree = "<group>"; };
/* End PBXFileReference section */

/* Begin PBXFrameworksBuildPhase section */
		523752BC2AC1EF930007C48A /* Frameworks */ = {
			isa = PBXFrameworksBuildPhase;
			buildActionMask = 2147483647;
			files = (
				52138A2F2AC9BDC700C75585 /* Logging in Frameworks */,
				523752D42AC1F0380007C48A /* ComposableArchitecture in Frameworks */,
				5228861E2AD9B4BD000BBD00 /* SwiftUINavigation in Frameworks */,
			);
			runOnlyForDeploymentPostprocessing = 0;
		};
		52A81F412AC35F3D003D8F46 /* Frameworks */ = {
			isa = PBXFrameworksBuildPhase;
			buildActionMask = 2147483647;
			files = (
			);
			runOnlyForDeploymentPostprocessing = 0;
		};
/* End PBXFrameworksBuildPhase section */

/* Begin PBXGroup section */
		52030B332AC4571400758202 /* ApiClients */ = {
			isa = PBXGroup;
			children = (
				52030B342AC4572300758202 /* ApiClient.swift */,
			);
			path = ApiClients;
			sourceTree = "<group>";
		};
		52138A142AC8161000C75585 /* CoreData */ = {
			isa = PBXGroup;
			children = (
				52138A152AC8162500C75585 /* CoreData.swift */,
				52FCA0122AF4315500BDDD64 /* Int32ArrayValueTransformer.swift */,
				52138A172AC8164700C75585 /* GS.xcdatamodeld */,
			);
			path = CoreData;
			sourceTree = "<group>";
		};
		52138A342AC9DB3D00C75585 /* CategoriesListFeature */ = {
			isa = PBXGroup;
			children = (
				523752D02AC1EFBB0007C48A /* CategoriesList.swift */,
			);
			path = CategoriesListFeature;
			sourceTree = "<group>";
		};
		5219AF0A2AE2CD610083E7BE /* Categories provider feature */ = {
			isa = PBXGroup;
			children = (
				5219AF0B2AE2CD780083E7BE /* CategoriesProvider.swift */,
			);
			path = "Categories provider feature";
			sourceTree = "<group>";
		};
		5219AF0D2AE3035D0083E7BE /* Extensions */ = {
			isa = PBXGroup;
			children = (
				5219AF0E2AE3036C0083E7BE /* CollectionExtensions.swift */,
				5219AF112AE415850083E7BE /* URLExtensions.swift */,
				5225049C2AF1611E003D5C0C /* DictionaryExtensions.swift */,
				52FCA0142AF4318B00BDDD64 /* DataExtensions.swift */,
				52FCA0262AF68C3100BDDD64 /* StringExtensions.swift */,
			);
			path = Extensions;
			sourceTree = "<group>";
		};
		5219AF132AE4160C0083E7BE /* Models */ = {
			isa = PBXGroup;
			children = (
				5263957B2ACE8F1600C8D48A /* CategoryDTO.swift */,
				52138A322AC9DAE600C75585 /* PostDTO.swift */,
				52FCA0212AF57F0800BDDD64 /* MediaDTO.swift */,
				52A71E012AF2CA8200303415 /* GenericDecodable.swift */,
			);
			path = Models;
			sourceTree = "<group>";
		};
		5219AF142AE416B20083E7BE /* Red Tab feature */ = {
			isa = PBXGroup;
			children = (
				5219AF152AE416D20083E7BE /* RedTabFeature.swift */,
			);
			path = "Red Tab feature";
			sourceTree = "<group>";
		};
		5219AF1C2AE417BD0083E7BE /* Green Tab feature */ = {
			isa = PBXGroup;
			children = (
				5219AF1D2AE417C80083E7BE /* GreenTabFeature.swift */,
			);
			path = "Green Tab feature";
			sourceTree = "<group>";
		};
		5228861C2AD9B4BD000BBD00 /* Frameworks */ = {
			isa = PBXGroup;
			children = (
			);
			name = Frameworks;
			sourceTree = "<group>";
		};
		523752B62AC1EF930007C48A = {
			isa = PBXGroup;
			children = (
				523752C12AC1EF930007C48A /* GoldenSewingSUI */,
				52A81F452AC35F3D003D8F46 /* GoldenSewingSUITests */,
				523752C02AC1EF930007C48A /* Products */,
				5228861C2AD9B4BD000BBD00 /* Frameworks */,
			);
			sourceTree = "<group>";
		};
		523752C02AC1EF930007C48A /* Products */ = {
			isa = PBXGroup;
			children = (
				523752BF2AC1EF930007C48A /* GoldenSewingSUI.app */,
				52A81F442AC35F3D003D8F46 /* GoldenSewingSUITests.xctest */,
			);
			name = Products;
			sourceTree = "<group>";
		};
		523752C12AC1EF930007C48A /* GoldenSewingSUI */ = {
			isa = PBXGroup;
			children = (
				52B8CD6A2AF69C1800962EEF /* Info.plist */,
				523752C22AC1EF930007C48A /* GoldenSewingSUIApp.swift */,
				5219AF132AE4160C0083E7BE /* Models */,
				52138A142AC8161000C75585 /* CoreData */,
				52030B332AC4571400758202 /* ApiClients */,
				5263957F2ACE99B400C8D48A /* Features */,
				523752DA2AC1FADE0007C48A /* Dependencies */,
				5219AF0D2AE3035D0083E7BE /* Extensions */,
				523752D72AC1F8CB0007C48A /* Resources */,
				523752C82AC1EF950007C48A /* Preview Content */,
			);
			path = GoldenSewingSUI;
			sourceTree = "<group>";
		};
		523752C82AC1EF950007C48A /* Preview Content */ = {
			isa = PBXGroup;
			children = (
				523752C92AC1EF950007C48A /* Preview Assets.xcassets */,
			);
			path = "Preview Content";
			sourceTree = "<group>";
		};
		523752D72AC1F8CB0007C48A /* Resources */ = {
			isa = PBXGroup;
			children = (
				523752C62AC1EF950007C48A /* Assets.xcassets */,
				523752D82AC1F8E60007C48A /* Categories.json */,
				52138A282AC865BB00C75585 /* Posts.json */,
				522D6F352AE191FD002480AC /* all_DB.json */,
				52FED0D72AF699CB00490D31 /* CyrillicOld.ttf */,
			);
			path = Resources;
			sourceTree = "<group>";
		};
		523752DA2AC1FADE0007C48A /* Dependencies */ = {
			isa = PBXGroup;
			children = (
				523752DB2AC1FAF90007C48A /* DiskDataLoader.swift */,
				52F4EFC42AC342BC00BAA6FB /* UserDefaultsClient.swift */,
				52138A2B2AC9BD7B00C75585 /* Logger.swift */,
				5219AF1A2AE417750083E7BE /* CategoriesDataSource.swift */,
				5298866B2AEC3859006716FF /* PostsDataSource.swift */,
				52FCA01F2AF573F900BDDD64 /* AsyncImageService.swift */,
				52FCA0282AF68C5B00BDDD64 /* ImageCache.swift */,
			);
			path = Dependencies;
			sourceTree = "<group>";
		};
		5263957D2ACE998C00C8D48A /* PostsListFeature */ = {
			isa = PBXGroup;
			children = (
				52030B362AC4692600758202 /* PostsList.swift */,
			);
			path = PostsListFeature;
			sourceTree = "<group>";
		};
		5263957F2ACE99B400C8D48A /* Features */ = {
			isa = PBXGroup;
			children = (
				52F4EFBE2AC30E7100BAA6FB /* AppFeature */,
				52138A342AC9DB3D00C75585 /* CategoriesListFeature */,
				5263957D2ACE998C00C8D48A /* PostsListFeature */,
				52A632562AF0348800A179A8 /* Post detail feature */,
				5219AF1C2AE417BD0083E7BE /* Green Tab feature */,
				5219AF142AE416B20083E7BE /* Red Tab feature */,
				5219AF0A2AE2CD610083E7BE /* Categories provider feature */,
				52A6324F2AF01DAA00A179A8 /* Posts provider feature */,
				52FCA0232AF580A100BDDD64 /* Media provider feature */,
			);
			path = Features;
			sourceTree = "<group>";
		};
		52A6324F2AF01DAA00A179A8 /* Posts provider feature */ = {
			isa = PBXGroup;
			children = (
				52A632502AF01DF800A179A8 /* PostsProvider.swift */,
			);
			path = "Posts provider feature";
			sourceTree = "<group>";
		};
		52A632562AF0348800A179A8 /* Post detail feature */ = {
			isa = PBXGroup;
			children = (
				52A632572AF034A200A179A8 /* PostDetail.swift */,
			);
			path = "Post detail feature";
			sourceTree = "<group>";
		};
		52A81F452AC35F3D003D8F46 /* GoldenSewingSUITests */ = {
			isa = PBXGroup;
			children = (
				52FED0D62AF697D400490D31 /* Info.plist */,
				52A81F462AC35F3D003D8F46 /* CategoriesDataProviderTests.swift */,
				52A632542AF024DF00A179A8 /* PostsDataProviderTests.swift */,
			);
			path = GoldenSewingSUITests;
			sourceTree = "<group>";
		};
		52F4EFBE2AC30E7100BAA6FB /* AppFeature */ = {
			isa = PBXGroup;
			children = (
				52F4EFC12AC30EC700BAA6FB /* AppFeature.swift */,
			);
			path = AppFeature;
			sourceTree = "<group>";
		};
		52FCA0232AF580A100BDDD64 /* Media provider feature */ = {
			isa = PBXGroup;
			children = (
				52FCA0242AF580B500BDDD64 /* MediaProvider.swift */,
			);
			path = "Media provider feature";
			sourceTree = "<group>";
		};
/* End PBXGroup section */

/* Begin PBXNativeTarget section */
		523752BE2AC1EF930007C48A /* GoldenSewingSUI */ = {
			isa = PBXNativeTarget;
			buildConfigurationList = 523752CD2AC1EF950007C48A /* Build configuration list for PBXNativeTarget "GoldenSewingSUI" */;
			buildPhases = (
				523752BB2AC1EF930007C48A /* Sources */,
				523752BC2AC1EF930007C48A /* Frameworks */,
				523752BD2AC1EF930007C48A /* Resources */,
			);
			buildRules = (
			);
			dependencies = (
			);
			name = GoldenSewingSUI;
			packageProductDependencies = (
				523752D32AC1F0380007C48A /* ComposableArchitecture */,
				52138A2E2AC9BDC700C75585 /* Logging */,
				5228861D2AD9B4BD000BBD00 /* SwiftUINavigation */,
			);
			productName = GoldenSewingSUI;
			productReference = 523752BF2AC1EF930007C48A /* GoldenSewingSUI.app */;
			productType = "com.apple.product-type.application";
		};
		52A81F432AC35F3D003D8F46 /* GoldenSewingSUITests */ = {
			isa = PBXNativeTarget;
			buildConfigurationList = 52A81F4A2AC35F3D003D8F46 /* Build configuration list for PBXNativeTarget "GoldenSewingSUITests" */;
			buildPhases = (
				52A81F402AC35F3D003D8F46 /* Sources */,
				52A81F412AC35F3D003D8F46 /* Frameworks */,
				52A81F422AC35F3D003D8F46 /* Resources */,
			);
			buildRules = (
			);
			dependencies = (
				52A81F492AC35F3D003D8F46 /* PBXTargetDependency */,
			);
			name = GoldenSewingSUITests;
			productName = GoldenSewingSUITests;
			productReference = 52A81F442AC35F3D003D8F46 /* GoldenSewingSUITests.xctest */;
			productType = "com.apple.product-type.bundle.unit-test";
		};
/* End PBXNativeTarget section */

/* Begin PBXProject section */
		523752B72AC1EF930007C48A /* Project object */ = {
			isa = PBXProject;
			attributes = {
				BuildIndependentTargetsInParallel = 1;
				LastSwiftUpdateCheck = 1500;
				LastUpgradeCheck = 1500;
				TargetAttributes = {
					523752BE2AC1EF930007C48A = {
						CreatedOnToolsVersion = 15.0;
					};
					52A81F432AC35F3D003D8F46 = {
						CreatedOnToolsVersion = 15.0;
						TestTargetID = 523752BE2AC1EF930007C48A;
					};
				};
			};
			buildConfigurationList = 523752BA2AC1EF930007C48A /* Build configuration list for PBXProject "GoldenSewingSUI" */;
			compatibilityVersion = "Xcode 14.0";
			developmentRegion = en;
			hasScannedForEncodings = 0;
			knownRegions = (
				en,
				Base,
			);
			mainGroup = 523752B62AC1EF930007C48A;
			packageReferences = (
				523752D22AC1F0380007C48A /* XCRemoteSwiftPackageReference "swift-composable-architecture" */,
				52138A2D2AC9BDC700C75585 /* XCRemoteSwiftPackageReference "swift-log" */,
				52DCF8D02AD9B2C9006226B6 /* XCRemoteSwiftPackageReference "swiftui-navigation" */,
			);
			productRefGroup = 523752C02AC1EF930007C48A /* Products */;
			projectDirPath = "";
			projectRoot = "";
			targets = (
				523752BE2AC1EF930007C48A /* GoldenSewingSUI */,
				52A81F432AC35F3D003D8F46 /* GoldenSewingSUITests */,
			);
		};
/* End PBXProject section */

/* Begin PBXResourcesBuildPhase section */
		523752BD2AC1EF930007C48A /* Resources */ = {
			isa = PBXResourcesBuildPhase;
			buildActionMask = 2147483647;
			files = (
				523752D92AC1F8E60007C48A /* Categories.json in Resources */,
				522D6F362AE1928D002480AC /* all_DB.json in Resources */,
				523752CA2AC1EF950007C48A /* Preview Assets.xcassets in Resources */,
				523752C72AC1EF950007C48A /* Assets.xcassets in Resources */,
				52FED0D82AF699CB00490D31 /* CyrillicOld.ttf in Resources */,
				52138A292AC865BB00C75585 /* Posts.json in Resources */,
			);
			runOnlyForDeploymentPostprocessing = 0;
		};
		52A81F422AC35F3D003D8F46 /* Resources */ = {
			isa = PBXResourcesBuildPhase;
			buildActionMask = 2147483647;
			files = (
			);
			runOnlyForDeploymentPostprocessing = 0;
		};
/* End PBXResourcesBuildPhase section */

/* Begin PBXSourcesBuildPhase section */
		523752BB2AC1EF930007C48A /* Sources */ = {
			isa = PBXSourcesBuildPhase;
			buildActionMask = 2147483647;
			files = (
				52138A192AC8164700C75585 /* GS.xcdatamodeld in Sources */,
				52A71E022AF2CA8200303415 /* GenericDecodable.swift in Sources */,
				52030B372AC4692600758202 /* PostsList.swift in Sources */,
				5263957C2ACE8F1600C8D48A /* CategoryDTO.swift in Sources */,
				52FCA0222AF57F0800BDDD64 /* MediaDTO.swift in Sources */,
				5219AF0C2AE2CD780083E7BE /* CategoriesProvider.swift in Sources */,
				5219AF162AE416D20083E7BE /* RedTabFeature.swift in Sources */,
				52030B352AC4572300758202 /* ApiClient.swift in Sources */,
				52138A162AC8162500C75585 /* CoreData.swift in Sources */,
				52A632582AF034A200A179A8 /* PostDetail.swift in Sources */,
				523752DC2AC1FAF90007C48A /* DiskDataLoader.swift in Sources */,
				5219AF1E2AE418610083E7BE /* GreenTabFeature.swift in Sources */,
				52FCA0272AF68C3100BDDD64 /* StringExtensions.swift in Sources */,
				5219AF0F2AE3036C0083E7BE /* CollectionExtensions.swift in Sources */,
				52FCA0202AF573F900BDDD64 /* AsyncImageService.swift in Sources */,
				52A632512AF01DF800A179A8 /* PostsProvider.swift in Sources */,
				52F4EFC22AC30EC700BAA6FB /* AppFeature.swift in Sources */,
				5225049D2AF1611E003D5C0C /* DictionaryExtensions.swift in Sources */,
				52F4EFC52AC342BC00BAA6FB /* UserDefaultsClient.swift in Sources */,
				52FCA0252AF580B500BDDD64 /* MediaProvider.swift in Sources */,
				5298866C2AEC3859006716FF /* PostsDataSource.swift in Sources */,
				5219AF122AE415850083E7BE /* URLExtensions.swift in Sources */,
				52138A2C2AC9BD7B00C75585 /* Logger.swift in Sources */,
				52FCA0292AF68C5B00BDDD64 /* ImageCache.swift in Sources */,
				523752C32AC1EF930007C48A /* GoldenSewingSUIApp.swift in Sources */,
				52138A332AC9DAE600C75585 /* PostDTO.swift in Sources */,
				52FCA0132AF4315500BDDD64 /* Int32ArrayValueTransformer.swift in Sources */,
				52FCA0152AF4318B00BDDD64 /* DataExtensions.swift in Sources */,
				523752D12AC1EFBB0007C48A /* CategoriesList.swift in Sources */,
				5219AF1B2AE417750083E7BE /* CategoriesDataSource.swift in Sources */,
			);
			runOnlyForDeploymentPostprocessing = 0;
		};
		52A81F402AC35F3D003D8F46 /* Sources */ = {
			isa = PBXSourcesBuildPhase;
			buildActionMask = 2147483647;
			files = (
				52A632552AF024DF00A179A8 /* PostsDataProviderTests.swift in Sources */,
				52A81F472AC35F3D003D8F46 /* CategoriesDataProviderTests.swift in Sources */,
			);
			runOnlyForDeploymentPostprocessing = 0;
		};
/* End PBXSourcesBuildPhase section */

/* Begin PBXTargetDependency section */
		52A81F492AC35F3D003D8F46 /* PBXTargetDependency */ = {
			isa = PBXTargetDependency;
			target = 523752BE2AC1EF930007C48A /* GoldenSewingSUI */;
			targetProxy = 52A81F482AC35F3D003D8F46 /* PBXContainerItemProxy */;
		};
/* End PBXTargetDependency section */

/* Begin XCBuildConfiguration section */
		523752CB2AC1EF950007C48A /* Debug */ = {
			isa = XCBuildConfiguration;
			buildSettings = {
				ALWAYS_SEARCH_USER_PATHS = NO;
				ASSETCATALOG_COMPILER_GENERATE_SWIFT_ASSET_SYMBOL_EXTENSIONS = YES;
				CLANG_ANALYZER_NONNULL = YES;
				CLANG_ANALYZER_NUMBER_OBJECT_CONVERSION = YES_AGGRESSIVE;
				CLANG_CXX_LANGUAGE_STANDARD = "gnu++20";
				CLANG_ENABLE_MODULES = YES;
				CLANG_ENABLE_OBJC_ARC = YES;
				CLANG_ENABLE_OBJC_WEAK = YES;
				CLANG_WARN_BLOCK_CAPTURE_AUTORELEASING = YES;
				CLANG_WARN_BOOL_CONVERSION = YES;
				CLANG_WARN_COMMA = YES;
				CLANG_WARN_CONSTANT_CONVERSION = YES;
				CLANG_WARN_DEPRECATED_OBJC_IMPLEMENTATIONS = YES;
				CLANG_WARN_DIRECT_OBJC_ISA_USAGE = YES_ERROR;
				CLANG_WARN_DOCUMENTATION_COMMENTS = YES;
				CLANG_WARN_EMPTY_BODY = YES;
				CLANG_WARN_ENUM_CONVERSION = YES;
				CLANG_WARN_INFINITE_RECURSION = YES;
				CLANG_WARN_INT_CONVERSION = YES;
				CLANG_WARN_NON_LITERAL_NULL_CONVERSION = YES;
				CLANG_WARN_OBJC_IMPLICIT_RETAIN_SELF = YES;
				CLANG_WARN_OBJC_LITERAL_CONVERSION = YES;
				CLANG_WARN_OBJC_ROOT_CLASS = YES_ERROR;
				CLANG_WARN_QUOTED_INCLUDE_IN_FRAMEWORK_HEADER = YES;
				CLANG_WARN_RANGE_LOOP_ANALYSIS = YES;
				CLANG_WARN_STRICT_PROTOTYPES = YES;
				CLANG_WARN_SUSPICIOUS_MOVE = YES;
				CLANG_WARN_UNGUARDED_AVAILABILITY = YES_AGGRESSIVE;
				CLANG_WARN_UNREACHABLE_CODE = YES;
				CLANG_WARN__DUPLICATE_METHOD_MATCH = YES;
				COPY_PHASE_STRIP = NO;
				DEBUG_INFORMATION_FORMAT = dwarf;
				ENABLE_STRICT_OBJC_MSGSEND = YES;
				ENABLE_TESTABILITY = YES;
				ENABLE_USER_SCRIPT_SANDBOXING = YES;
				GCC_C_LANGUAGE_STANDARD = gnu17;
				GCC_DYNAMIC_NO_PIC = NO;
				GCC_NO_COMMON_BLOCKS = YES;
				GCC_OPTIMIZATION_LEVEL = 0;
				GCC_PREPROCESSOR_DEFINITIONS = (
					"DEBUG=1",
					"$(inherited)",
				);
				GCC_WARN_64_TO_32_BIT_CONVERSION = YES;
				GCC_WARN_ABOUT_RETURN_TYPE = YES_ERROR;
				GCC_WARN_UNDECLARED_SELECTOR = YES;
				GCC_WARN_UNINITIALIZED_AUTOS = YES_AGGRESSIVE;
				GCC_WARN_UNUSED_FUNCTION = YES;
				GCC_WARN_UNUSED_VARIABLE = YES;
				IPHONEOS_DEPLOYMENT_TARGET = 17.0;
				LOCALIZATION_PREFERS_STRING_CATALOGS = YES;
				MTL_ENABLE_DEBUG_INFO = INCLUDE_SOURCE;
				MTL_FAST_MATH = YES;
				ONLY_ACTIVE_ARCH = YES;
				SDKROOT = iphoneos;
				SWIFT_ACTIVE_COMPILATION_CONDITIONS = "DEBUG $(inherited)";
				SWIFT_OPTIMIZATION_LEVEL = "-Onone";
			};
			name = Debug;
		};
		523752CC2AC1EF950007C48A /* Release */ = {
			isa = XCBuildConfiguration;
			buildSettings = {
				ALWAYS_SEARCH_USER_PATHS = NO;
				ASSETCATALOG_COMPILER_GENERATE_SWIFT_ASSET_SYMBOL_EXTENSIONS = YES;
				CLANG_ANALYZER_NONNULL = YES;
				CLANG_ANALYZER_NUMBER_OBJECT_CONVERSION = YES_AGGRESSIVE;
				CLANG_CXX_LANGUAGE_STANDARD = "gnu++20";
				CLANG_ENABLE_MODULES = YES;
				CLANG_ENABLE_OBJC_ARC = YES;
				CLANG_ENABLE_OBJC_WEAK = YES;
				CLANG_WARN_BLOCK_CAPTURE_AUTORELEASING = YES;
				CLANG_WARN_BOOL_CONVERSION = YES;
				CLANG_WARN_COMMA = YES;
				CLANG_WARN_CONSTANT_CONVERSION = YES;
				CLANG_WARN_DEPRECATED_OBJC_IMPLEMENTATIONS = YES;
				CLANG_WARN_DIRECT_OBJC_ISA_USAGE = YES_ERROR;
				CLANG_WARN_DOCUMENTATION_COMMENTS = YES;
				CLANG_WARN_EMPTY_BODY = YES;
				CLANG_WARN_ENUM_CONVERSION = YES;
				CLANG_WARN_INFINITE_RECURSION = YES;
				CLANG_WARN_INT_CONVERSION = YES;
				CLANG_WARN_NON_LITERAL_NULL_CONVERSION = YES;
				CLANG_WARN_OBJC_IMPLICIT_RETAIN_SELF = YES;
				CLANG_WARN_OBJC_LITERAL_CONVERSION = YES;
				CLANG_WARN_OBJC_ROOT_CLASS = YES_ERROR;
				CLANG_WARN_QUOTED_INCLUDE_IN_FRAMEWORK_HEADER = YES;
				CLANG_WARN_RANGE_LOOP_ANALYSIS = YES;
				CLANG_WARN_STRICT_PROTOTYPES = YES;
				CLANG_WARN_SUSPICIOUS_MOVE = YES;
				CLANG_WARN_UNGUARDED_AVAILABILITY = YES_AGGRESSIVE;
				CLANG_WARN_UNREACHABLE_CODE = YES;
				CLANG_WARN__DUPLICATE_METHOD_MATCH = YES;
				COPY_PHASE_STRIP = NO;
				DEBUG_INFORMATION_FORMAT = "dwarf-with-dsym";
				ENABLE_NS_ASSERTIONS = NO;
				ENABLE_STRICT_OBJC_MSGSEND = YES;
				ENABLE_USER_SCRIPT_SANDBOXING = YES;
				GCC_C_LANGUAGE_STANDARD = gnu17;
				GCC_NO_COMMON_BLOCKS = YES;
				GCC_WARN_64_TO_32_BIT_CONVERSION = YES;
				GCC_WARN_ABOUT_RETURN_TYPE = YES_ERROR;
				GCC_WARN_UNDECLARED_SELECTOR = YES;
				GCC_WARN_UNINITIALIZED_AUTOS = YES_AGGRESSIVE;
				GCC_WARN_UNUSED_FUNCTION = YES;
				GCC_WARN_UNUSED_VARIABLE = YES;
				IPHONEOS_DEPLOYMENT_TARGET = 17.0;
				LOCALIZATION_PREFERS_STRING_CATALOGS = YES;
				MTL_ENABLE_DEBUG_INFO = NO;
				MTL_FAST_MATH = YES;
				SDKROOT = iphoneos;
				SWIFT_COMPILATION_MODE = wholemodule;
				VALIDATE_PRODUCT = YES;
			};
			name = Release;
		};
		523752CE2AC1EF950007C48A /* Debug */ = {
			isa = XCBuildConfiguration;
			buildSettings = {
				ASSETCATALOG_COMPILER_APPICON_NAME = AppIcon;
				ASSETCATALOG_COMPILER_GLOBAL_ACCENT_COLOR_NAME = AccentColor;
				CODE_SIGN_STYLE = Automatic;
				CURRENT_PROJECT_VERSION = 1;
				DEVELOPMENT_ASSET_PATHS = "\"GoldenSewingSUI/Preview Content\"";
				DEVELOPMENT_TEAM = 3PTYV272Z4;
				ENABLE_PREVIEWS = YES;
				GENERATE_INFOPLIST_FILE = YES;
				INFOPLIST_FILE = GoldenSewingSUI/Info.plist;
				INFOPLIST_KEY_UIApplicationSceneManifest_Generation = YES;
				INFOPLIST_KEY_UIApplicationSupportsIndirectInputEvents = YES;
				INFOPLIST_KEY_UILaunchScreen_Generation = YES;
				INFOPLIST_KEY_UISupportedInterfaceOrientations_iPad = "UIInterfaceOrientationPortrait UIInterfaceOrientationPortraitUpsideDown UIInterfaceOrientationLandscapeLeft UIInterfaceOrientationLandscapeRight";
				INFOPLIST_KEY_UISupportedInterfaceOrientations_iPhone = "UIInterfaceOrientationPortrait UIInterfaceOrientationLandscapeLeft UIInterfaceOrientationLandscapeRight";
				LD_RUNPATH_SEARCH_PATHS = (
					"$(inherited)",
					"@executable_path/Frameworks",
				);
				MARKETING_VERSION = 1.0;
				PRODUCT_BUNDLE_IDENTIFIER = com.kr.ssh.GoldenSewingSUI;
				PRODUCT_NAME = "$(TARGET_NAME)";
				SWIFT_EMIT_LOC_STRINGS = YES;
				SWIFT_VERSION = 5.0;
				TARGETED_DEVICE_FAMILY = "1,2";
			};
			name = Debug;
		};
		523752CF2AC1EF950007C48A /* Release */ = {
			isa = XCBuildConfiguration;
			buildSettings = {
				ASSETCATALOG_COMPILER_APPICON_NAME = AppIcon;
				ASSETCATALOG_COMPILER_GLOBAL_ACCENT_COLOR_NAME = AccentColor;
				CODE_SIGN_STYLE = Automatic;
				CURRENT_PROJECT_VERSION = 1;
				DEVELOPMENT_ASSET_PATHS = "\"GoldenSewingSUI/Preview Content\"";
				DEVELOPMENT_TEAM = 3PTYV272Z4;
				ENABLE_PREVIEWS = YES;
				GENERATE_INFOPLIST_FILE = YES;
				INFOPLIST_FILE = GoldenSewingSUI/Info.plist;
				INFOPLIST_KEY_UIApplicationSceneManifest_Generation = YES;
				INFOPLIST_KEY_UIApplicationSupportsIndirectInputEvents = YES;
				INFOPLIST_KEY_UILaunchScreen_Generation = YES;
				INFOPLIST_KEY_UISupportedInterfaceOrientations_iPad = "UIInterfaceOrientationPortrait UIInterfaceOrientationPortraitUpsideDown UIInterfaceOrientationLandscapeLeft UIInterfaceOrientationLandscapeRight";
				INFOPLIST_KEY_UISupportedInterfaceOrientations_iPhone = "UIInterfaceOrientationPortrait UIInterfaceOrientationLandscapeLeft UIInterfaceOrientationLandscapeRight";
				LD_RUNPATH_SEARCH_PATHS = (
					"$(inherited)",
					"@executable_path/Frameworks",
				);
				MARKETING_VERSION = 1.0;
				PRODUCT_BUNDLE_IDENTIFIER = com.kr.ssh.GoldenSewingSUI;
				PRODUCT_NAME = "$(TARGET_NAME)";
				SWIFT_EMIT_LOC_STRINGS = YES;
				SWIFT_VERSION = 5.0;
				TARGETED_DEVICE_FAMILY = "1,2";
			};
			name = Release;
		};
		52A81F4B2AC35F3D003D8F46 /* Debug */ = {
			isa = XCBuildConfiguration;
			buildSettings = {
				BUNDLE_LOADER = "$(TEST_HOST)";
				CODE_SIGN_STYLE = Automatic;
				CURRENT_PROJECT_VERSION = 1;
				DEVELOPMENT_TEAM = 3PTYV272Z4;
				GENERATE_INFOPLIST_FILE = YES;
				INFOPLIST_FILE = GoldenSewingSUITests/Info.plist;
				MARKETING_VERSION = 1.0;
				PRODUCT_BUNDLE_IDENTIFIER = com.kr.ssh.GoldenSewingSUITests;
				PRODUCT_NAME = "$(TARGET_NAME)";
				SWIFT_EMIT_LOC_STRINGS = NO;
				SWIFT_VERSION = 5.0;
				TARGETED_DEVICE_FAMILY = "1,2";
				TEST_HOST = "$(BUILT_PRODUCTS_DIR)/GoldenSewingSUI.app/$(BUNDLE_EXECUTABLE_FOLDER_PATH)/GoldenSewingSUI";
			};
			name = Debug;
		};
		52A81F4C2AC35F3D003D8F46 /* Release */ = {
			isa = XCBuildConfiguration;
			buildSettings = {
				BUNDLE_LOADER = "$(TEST_HOST)";
				CODE_SIGN_STYLE = Automatic;
				CURRENT_PROJECT_VERSION = 1;
				DEVELOPMENT_TEAM = 3PTYV272Z4;
				GENERATE_INFOPLIST_FILE = YES;
				INFOPLIST_FILE = GoldenSewingSUITests/Info.plist;
				MARKETING_VERSION = 1.0;
				PRODUCT_BUNDLE_IDENTIFIER = com.kr.ssh.GoldenSewingSUITests;
				PRODUCT_NAME = "$(TARGET_NAME)";
				SWIFT_EMIT_LOC_STRINGS = NO;
				SWIFT_VERSION = 5.0;
				TARGETED_DEVICE_FAMILY = "1,2";
				TEST_HOST = "$(BUILT_PRODUCTS_DIR)/GoldenSewingSUI.app/$(BUNDLE_EXECUTABLE_FOLDER_PATH)/GoldenSewingSUI";
			};
			name = Release;
		};
/* End XCBuildConfiguration section */

/* Begin XCConfigurationList section */
		523752BA2AC1EF930007C48A /* Build configuration list for PBXProject "GoldenSewingSUI" */ = {
			isa = XCConfigurationList;
			buildConfigurations = (
				523752CB2AC1EF950007C48A /* Debug */,
				523752CC2AC1EF950007C48A /* Release */,
			);
			defaultConfigurationIsVisible = 0;
			defaultConfigurationName = Release;
		};
		523752CD2AC1EF950007C48A /* Build configuration list for PBXNativeTarget "GoldenSewingSUI" */ = {
			isa = XCConfigurationList;
			buildConfigurations = (
				523752CE2AC1EF950007C48A /* Debug */,
				523752CF2AC1EF950007C48A /* Release */,
			);
			defaultConfigurationIsVisible = 0;
			defaultConfigurationName = Release;
		};
		52A81F4A2AC35F3D003D8F46 /* Build configuration list for PBXNativeTarget "GoldenSewingSUITests" */ = {
			isa = XCConfigurationList;
			buildConfigurations = (
				52A81F4B2AC35F3D003D8F46 /* Debug */,
				52A81F4C2AC35F3D003D8F46 /* Release */,
			);
			defaultConfigurationIsVisible = 0;
			defaultConfigurationName = Release;
		};
/* End XCConfigurationList section */

/* Begin XCRemoteSwiftPackageReference section */
		52138A2D2AC9BDC700C75585 /* XCRemoteSwiftPackageReference "swift-log" */ = {
			isa = XCRemoteSwiftPackageReference;
			repositoryURL = "https://github.com/apple/swift-log.git";
			requirement = {
				kind = upToNextMajorVersion;
				minimumVersion = 1.5.3;
			};
		};
		523752D22AC1F0380007C48A /* XCRemoteSwiftPackageReference "swift-composable-architecture" */ = {
			isa = XCRemoteSwiftPackageReference;
			repositoryURL = "https://github.com/pointfreeco/swift-composable-architecture";
			requirement = {
				kind = upToNextMajorVersion;
				minimumVersion = 1.2.0;
			};
		};
		52DCF8D02AD9B2C9006226B6 /* XCRemoteSwiftPackageReference "swiftui-navigation" */ = {
			isa = XCRemoteSwiftPackageReference;
			repositoryURL = "https://github.com/pointfreeco/swiftui-navigation";
			requirement = {
				kind = upToNextMajorVersion;
				minimumVersion = 1.0.2;
			};
		};
/* End XCRemoteSwiftPackageReference section */

/* Begin XCSwiftPackageProductDependency section */
		52138A2E2AC9BDC700C75585 /* Logging */ = {
			isa = XCSwiftPackageProductDependency;
			package = 52138A2D2AC9BDC700C75585 /* XCRemoteSwiftPackageReference "swift-log" */;
			productName = Logging;
		};
		5228861D2AD9B4BD000BBD00 /* SwiftUINavigation */ = {
			isa = XCSwiftPackageProductDependency;
			package = 52DCF8D02AD9B2C9006226B6 /* XCRemoteSwiftPackageReference "swiftui-navigation" */;
			productName = SwiftUINavigation;
		};
		523752D32AC1F0380007C48A /* ComposableArchitecture */ = {
			isa = XCSwiftPackageProductDependency;
			package = 523752D22AC1F0380007C48A /* XCRemoteSwiftPackageReference "swift-composable-architecture" */;
			productName = ComposableArchitecture;
		};
/* End XCSwiftPackageProductDependency section */

/* Begin XCVersionGroup section */
		52138A172AC8164700C75585 /* GS.xcdatamodeld */ = {
			isa = XCVersionGroup;
			children = (
				52138A182AC8164700C75585 /* GS.xcdatamodel */,
			);
			currentVersion = 52138A182AC8164700C75585 /* GS.xcdatamodel */;
			path = GS.xcdatamodeld;
			sourceTree = "<group>";
			versionGroupType = wrapper.xcdatamodel;
		};
/* End XCVersionGroup section */
	};
	rootObject = 523752B72AC1EF930007C48A /* Project object */;
}
