// !$*UTF8*$!
{
	archiveVersion = 1;
	classes = {
	};
	objectVersion = 56;
	objects = {

/* Begin PBXBuildFile section */
		5218A2852CDBD90B002D9A7D /* SwiftDataModule in Frameworks */ = {isa = PBXBuildFile; productRef = 5218A2842CDBD90B002D9A7D /* SwiftDataModule */; };
		521A558F2D74B3E300831E00 /* MenuScreen.swift in Sources */ = {isa = PBXBuildFile; fileRef = 521A558E2D74B3E300831E00 /* MenuScreen.swift */; };
		521A55912D74C02700831E00 /* MenuDeliveryScreen.swift in Sources */ = {isa = PBXBuildFile; fileRef = 521A55902D74C02700831E00 /* MenuDeliveryScreen.swift */; };
		521A55932D74D38000831E00 /* MenuItemType.swift in Sources */ = {isa = PBXBuildFile; fileRef = 521A55922D74D38000831E00 /* MenuItemType.swift */; };
		521A55952D74D39600831E00 /* MenuItemView.swift in Sources */ = {isa = PBXBuildFile; fileRef = 521A55942D74D39600831E00 /* MenuItemView.swift */; };
		521A55972D74D46000831E00 /* MenuItemRow.swift in Sources */ = {isa = PBXBuildFile; fileRef = 521A55962D74D46000831E00 /* MenuItemRow.swift */; };
		521CC7ED2CDFABAD00A84E4E /* ImageLoader.swift in Sources */ = {isa = PBXBuildFile; fileRef = 521CC7EC2CDFABA900A84E4E /* ImageLoader.swift */; };
		522A5B0B2DAFFD69008D7205 /* CategoryViewModel.swift in Sources */ = {isa = PBXBuildFile; fileRef = 522A5B0A2DAFFD69008D7205 /* CategoryViewModel.swift */; };
		522E24A92C300A2F00C9A774 /* CachedDataKit in Frameworks */ = {isa = PBXBuildFile; productRef = 522E24A82C300A2F00C9A774 /* CachedDataKit */; };
		522E24AB2C300B5800C9A774 /* CachedDataKit in Resources */ = {isa = PBXBuildFile; fileRef = 522E24AA2C300B5700C9A774 /* CachedDataKit */; };
		522E24AD2C303A9D00C9A774 /* ModelsKit in Resources */ = {isa = PBXBuildFile; fileRef = 522E24AC2C303A9D00C9A774 /* ModelsKit */; };
		522E24AF2C303AD700C9A774 /* ModelsKit in Frameworks */ = {isa = PBXBuildFile; productRef = 522E24AE2C303AD700C9A774 /* ModelsKit */; };
		522E24B12C3068BE00C9A774 /* NetworkKit in Resources */ = {isa = PBXBuildFile; fileRef = 522E24B02C3068BE00C9A774 /* NetworkKit */; };
		522E24B32C306EF800C9A774 /* NetworkKit in Frameworks */ = {isa = PBXBuildFile; productRef = 522E24B22C306EF800C9A774 /* NetworkKit */; };
		523752C32AC1EF930007C48A /* GoldenSewingSUIApp.swift in Sources */ = {isa = PBXBuildFile; fileRef = 523752C22AC1EF930007C48A /* GoldenSewingSUIApp.swift */; };
		523752C72AC1EF950007C48A /* Assets.xcassets in Resources */ = {isa = PBXBuildFile; fileRef = 523752C62AC1EF950007C48A /* Assets.xcassets */; };
		523752CA2AC1EF950007C48A /* Preview Assets.xcassets in Resources */ = {isa = PBXBuildFile; fileRef = 523752C92AC1EF950007C48A /* Preview Assets.xcassets */; };
		523C07C32C40358E008253DE /* DataNormaliserKit in Resources */ = {isa = PBXBuildFile; fileRef = 523C07C22C40358E008253DE /* DataNormaliserKit */; };
		523C07C52C40359D008253DE /* DataNormaliserKit in Frameworks */ = {isa = PBXBuildFile; productRef = 523C07C42C40359D008253DE /* DataNormaliserKit */; };
		5241C57F2CCAB759009F9186 /* ProductDetailScreen.swift in Sources */ = {isa = PBXBuildFile; fileRef = 5241C57E2CCAB759009F9186 /* ProductDetailScreen.swift */; };
		5241C5812CCAB812009F9186 /* MockData.swift in Sources */ = {isa = PBXBuildFile; fileRef = 5241C5802CCAB80E009F9186 /* MockData.swift */; };
		5241C5842CCAC97B009F9186 /* CategoryListScreen.swift in Sources */ = {isa = PBXBuildFile; fileRef = 5241C5832CCAC97B009F9186 /* CategoryListScreen.swift */; };
		5268252D2CE8B13A007781EE /* ProductGalleryView.swift in Sources */ = {isa = PBXBuildFile; fileRef = 5268252C2CE8B13A007781EE /* ProductGalleryView.swift */; };
		5268252F2CE8B21C007781EE /* GalleryViewContainer.swift in Sources */ = {isa = PBXBuildFile; fileRef = 5268252E2CE8B21C007781EE /* GalleryViewContainer.swift */; };
		526825312CE90F2E007781EE /* MailView.swift in Sources */ = {isa = PBXBuildFile; fileRef = 526825302CE90F2E007781EE /* MailView.swift */; };
		5279F0B52C43E1680070BAC7 /* CatalogListFeature.swift in Sources */ = {isa = PBXBuildFile; fileRef = 5279F0B42C43E1680070BAC7 /* CatalogListFeature.swift */; };
		5279F0B72C44103B0070BAC7 /* CatalogListViewModel.swift in Sources */ = {isa = PBXBuildFile; fileRef = 5279F0B62C44103B0070BAC7 /* CatalogListViewModel.swift */; };
		5279F0B92C45326F0070BAC7 /* Constants in Resources */ = {isa = PBXBuildFile; fileRef = 5279F0B82C45326F0070BAC7 /* Constants */; };
		5279F0BB2C4532780070BAC7 /* Constants in Frameworks */ = {isa = PBXBuildFile; productRef = 5279F0BA2C4532780070BAC7 /* Constants */; };
		528F016D2D0C9D670083B7D9 /* FavouritesListScreen.swift in Sources */ = {isa = PBXBuildFile; fileRef = 528F016C2D0C9D670083B7D9 /* FavouritesListScreen.swift */; };
		528F016F2D0DC0A30083B7D9 /* FavouritesObserver.swift in Sources */ = {isa = PBXBuildFile; fileRef = 528F016E2D0DC0A30083B7D9 /* FavouritesObserver.swift */; };
		52975CF92C4837E9009CB283 /* Router.swift in Sources */ = {isa = PBXBuildFile; fileRef = 52975CF82C4837E9009CB283 /* Router.swift */; };
		52975CFB2C483B4F009CB283 /* RootScreen.swift in Sources */ = {isa = PBXBuildFile; fileRef = 52975CFA2C483B4F009CB283 /* RootScreen.swift */; };
		52A1D26D2D79E1E300FC63AE /* MenuDiscountScreen.swift in Sources */ = {isa = PBXBuildFile; fileRef = 52A1D26C2D79E1E300FC63AE /* MenuDiscountScreen.swift */; };
		52A1D26F2D79E82200FC63AE /* MenuAboutUsScreen.swift in Sources */ = {isa = PBXBuildFile; fileRef = 52A1D26E2D79E82200FC63AE /* MenuAboutUsScreen.swift */; };
		52A1D2712D79F05700FC63AE /* MenuForPartnersScreen.swift in Sources */ = {isa = PBXBuildFile; fileRef = 52A1D2702D79F05700FC63AE /* MenuForPartnersScreen.swift */; };
		52A1D2732D79F5D200FC63AE /* MenuAwardsScreen.swift in Sources */ = {isa = PBXBuildFile; fileRef = 52A1D2722D79F5D200FC63AE /* MenuAwardsScreen.swift */; };
		52A1D2752D7A0AD500FC63AE /* MenuContactsScreen.swift in Sources */ = {isa = PBXBuildFile; fileRef = 52A1D2742D7A0AD500FC63AE /* MenuContactsScreen.swift */; };
		52B013B22CEE530700506605 /* GSTabView.swift in Sources */ = {isa = PBXBuildFile; fileRef = 52B013B12CEE530700506605 /* GSTabView.swift */; };
		52C53FF42DD7BC6B00081E64 /* DependenciesTestSupport in Frameworks */ = {isa = PBXBuildFile; productRef = 52C53FF32DD7BC6B00081E64 /* DependenciesTestSupport */; };
		52C53FF72DD7C2FC00081E64 /* FeatureServiceTest.swift in Sources */ = {isa = PBXBuildFile; fileRef = 52C53FF52DD7BFE800081E64 /* FeatureServiceTest.swift */; };
		52C53FFA2DD8884E00081E64 /* FeatureFlag in Frameworks */ = {isa = PBXBuildFile; productRef = 52C53FF92DD8884E00081E64 /* FeatureFlag */; };
		52C53FFD2DD888E100081E64 /* Dependencies in Frameworks */ = {isa = PBXBuildFile; productRef = 52C53FFC2DD888E100081E64 /* Dependencies */; };
		52C53FFF2DD888E100081E64 /* DependenciesMacros in Frameworks */ = {isa = PBXBuildFile; productRef = 52C53FFE2DD888E100081E64 /* DependenciesMacros */; };
		52C540012DD888E100081E64 /* DependenciesTestSupport in Frameworks */ = {isa = PBXBuildFile; productRef = 52C540002DD888E100081E64 /* DependenciesTestSupport */; };
		52C855512CCC0553007FE216 /* ProductItemView.swift in Sources */ = {isa = PBXBuildFile; fileRef = 52C855502CCC0553007FE216 /* ProductItemView.swift */; };
		52EBDBF92CE65B3100FC869E /* ImageViewContainer.swift in Sources */ = {isa = PBXBuildFile; fileRef = 52EBDBF82CE65B3100FC869E /* ImageViewContainer.swift */; };
		52EBDBFB2CE65BD800FC869E /* ProductPreviewGalleryView.swift in Sources */ = {isa = PBXBuildFile; fileRef = 52EBDBFA2CE65BD800FC869E /* ProductPreviewGalleryView.swift */; };
		52EEED562C4BD40F00699AC9 /* Utilities in Resources */ = {isa = PBXBuildFile; fileRef = 52EEED552C4BD40F00699AC9 /* Utilities */; };
		52EEED582C4BD56600699AC9 /* Types.swift in Sources */ = {isa = PBXBuildFile; fileRef = 52EEED572C4BD56600699AC9 /* Types.swift */; };
		52EEED5A2C4BD57100699AC9 /* Utilities in Frameworks */ = {isa = PBXBuildFile; productRef = 52EEED592C4BD57100699AC9 /* Utilities */; };
		52EEED5C2C4BDB9400699AC9 /* Injection.swift in Sources */ = {isa = PBXBuildFile; fileRef = 52EEED5B2C4BDB9400699AC9 /* Injection.swift */; };
		52EEED5F2C4BDF2100699AC9 /* AppStarterService.swift in Sources */ = {isa = PBXBuildFile; fileRef = 52EEED5E2C4BDF2100699AC9 /* AppStarterService.swift */; };
/* End PBXBuildFile section */

/* Begin PBXContainerItemProxy section */
		52A81F482AC35F3D003D8F46 /* PBXContainerItemProxy */ = {
			isa = PBXContainerItemProxy;
			containerPortal = 523752B72AC1EF930007C48A /* Project object */;
			proxyType = 1;
			remoteGlobalIDString = 523752BE2AC1EF930007C48A;
			remoteInfo = GoldenSewingSUI;
		};
/* End PBXContainerItemProxy section */

/* Begin PBXFileReference section */
		5218A2832CDB9BB4002D9A7D /* SwiftDataModule */ = {isa = PBXFileReference; lastKnownFileType = wrapper; path = SwiftDataModule; sourceTree = "<group>"; };
		521A558E2D74B3E300831E00 /* MenuScreen.swift */ = {isa = PBXFileReference; lastKnownFileType = sourcecode.swift; path = MenuScreen.swift; sourceTree = "<group>"; };
		521A55902D74C02700831E00 /* MenuDeliveryScreen.swift */ = {isa = PBXFileReference; lastKnownFileType = sourcecode.swift; path = MenuDeliveryScreen.swift; sourceTree = "<group>"; };
		521A55922D74D38000831E00 /* MenuItemType.swift */ = {isa = PBXFileReference; lastKnownFileType = sourcecode.swift; path = MenuItemType.swift; sourceTree = "<group>"; };
		521A55942D74D39600831E00 /* MenuItemView.swift */ = {isa = PBXFileReference; lastKnownFileType = sourcecode.swift; path = MenuItemView.swift; sourceTree = "<group>"; };
		521A55962D74D46000831E00 /* MenuItemRow.swift */ = {isa = PBXFileReference; lastKnownFileType = sourcecode.swift; path = MenuItemRow.swift; sourceTree = "<group>"; };
		521CC7EC2CDFABA900A84E4E /* ImageLoader.swift */ = {isa = PBXFileReference; lastKnownFileType = sourcecode.swift; path = ImageLoader.swift; sourceTree = "<group>"; };
		522A5B0A2DAFFD69008D7205 /* CategoryViewModel.swift */ = {isa = PBXFileReference; lastKnownFileType = sourcecode.swift; path = CategoryViewModel.swift; sourceTree = "<group>"; };
		522E24AA2C300B5700C9A774 /* CachedDataKit */ = {isa = PBXFileReference; lastKnownFileType = wrapper; path = CachedDataKit; sourceTree = "<group>"; };
		522E24AC2C303A9D00C9A774 /* ModelsKit */ = {isa = PBXFileReference; lastKnownFileType = wrapper; path = ModelsKit; sourceTree = "<group>"; };
		522E24B02C3068BE00C9A774 /* NetworkKit */ = {isa = PBXFileReference; lastKnownFileType = wrapper; path = NetworkKit; sourceTree = "<group>"; };
		523752BF2AC1EF930007C48A /* GoldenSewingSUI.app */ = {isa = PBXFileReference; explicitFileType = wrapper.application; includeInIndex = 0; path = GoldenSewingSUI.app; sourceTree = BUILT_PRODUCTS_DIR; };
		523752C22AC1EF930007C48A /* GoldenSewingSUIApp.swift */ = {isa = PBXFileReference; lastKnownFileType = sourcecode.swift; path = GoldenSewingSUIApp.swift; sourceTree = "<group>"; };
		523752C62AC1EF950007C48A /* Assets.xcassets */ = {isa = PBXFileReference; lastKnownFileType = folder.assetcatalog; path = Assets.xcassets; sourceTree = "<group>"; };
		523752C92AC1EF950007C48A /* Preview Assets.xcassets */ = {isa = PBXFileReference; lastKnownFileType = folder.assetcatalog; path = "Preview Assets.xcassets"; sourceTree = "<group>"; };
		523C07C22C40358E008253DE /* DataNormaliserKit */ = {isa = PBXFileReference; lastKnownFileType = wrapper; path = DataNormaliserKit; sourceTree = "<group>"; };
		5241C57E2CCAB759009F9186 /* ProductDetailScreen.swift */ = {isa = PBXFileReference; lastKnownFileType = sourcecode.swift; path = ProductDetailScreen.swift; sourceTree = "<group>"; };
		5241C5802CCAB80E009F9186 /* MockData.swift */ = {isa = PBXFileReference; lastKnownFileType = sourcecode.swift; path = MockData.swift; sourceTree = "<group>"; };
		5241C5832CCAC97B009F9186 /* CategoryListScreen.swift */ = {isa = PBXFileReference; lastKnownFileType = sourcecode.swift; path = CategoryListScreen.swift; sourceTree = "<group>"; };
		5268252C2CE8B13A007781EE /* ProductGalleryView.swift */ = {isa = PBXFileReference; lastKnownFileType = sourcecode.swift; path = ProductGalleryView.swift; sourceTree = "<group>"; };
		5268252E2CE8B21C007781EE /* GalleryViewContainer.swift */ = {isa = PBXFileReference; lastKnownFileType = sourcecode.swift; path = GalleryViewContainer.swift; sourceTree = "<group>"; };
		526825302CE90F2E007781EE /* MailView.swift */ = {isa = PBXFileReference; lastKnownFileType = sourcecode.swift; path = MailView.swift; sourceTree = "<group>"; };
		5279F0B42C43E1680070BAC7 /* CatalogListFeature.swift */ = {isa = PBXFileReference; lastKnownFileType = sourcecode.swift; path = CatalogListFeature.swift; sourceTree = "<group>"; };
		5279F0B62C44103B0070BAC7 /* CatalogListViewModel.swift */ = {isa = PBXFileReference; lastKnownFileType = sourcecode.swift; path = CatalogListViewModel.swift; sourceTree = "<group>"; };
		5279F0B82C45326F0070BAC7 /* Constants */ = {isa = PBXFileReference; lastKnownFileType = wrapper; path = Constants; sourceTree = "<group>"; };
		528F016C2D0C9D670083B7D9 /* FavouritesListScreen.swift */ = {isa = PBXFileReference; lastKnownFileType = sourcecode.swift; path = FavouritesListScreen.swift; sourceTree = "<group>"; };
		528F016E2D0DC0A30083B7D9 /* FavouritesObserver.swift */ = {isa = PBXFileReference; lastKnownFileType = sourcecode.swift; path = FavouritesObserver.swift; sourceTree = "<group>"; };
		52975CF82C4837E9009CB283 /* Router.swift */ = {isa = PBXFileReference; lastKnownFileType = sourcecode.swift; path = Router.swift; sourceTree = "<group>"; };
		52975CFA2C483B4F009CB283 /* RootScreen.swift */ = {isa = PBXFileReference; lastKnownFileType = sourcecode.swift; path = RootScreen.swift; sourceTree = "<group>"; };
		52A1D26C2D79E1E300FC63AE /* MenuDiscountScreen.swift */ = {isa = PBXFileReference; lastKnownFileType = sourcecode.swift; path = MenuDiscountScreen.swift; sourceTree = "<group>"; };
		52A1D26E2D79E82200FC63AE /* MenuAboutUsScreen.swift */ = {isa = PBXFileReference; lastKnownFileType = sourcecode.swift; path = MenuAboutUsScreen.swift; sourceTree = "<group>"; };
		52A1D2702D79F05700FC63AE /* MenuForPartnersScreen.swift */ = {isa = PBXFileReference; lastKnownFileType = sourcecode.swift; path = MenuForPartnersScreen.swift; sourceTree = "<group>"; };
		52A1D2722D79F5D200FC63AE /* MenuAwardsScreen.swift */ = {isa = PBXFileReference; lastKnownFileType = sourcecode.swift; path = MenuAwardsScreen.swift; sourceTree = "<group>"; };
		52A1D2742D7A0AD500FC63AE /* MenuContactsScreen.swift */ = {isa = PBXFileReference; lastKnownFileType = sourcecode.swift; path = MenuContactsScreen.swift; sourceTree = "<group>"; };
		52A81F442AC35F3D003D8F46 /* GoldenSewingSUITests.xctest */ = {isa = PBXFileReference; explicitFileType = wrapper.cfbundle; includeInIndex = 0; path = GoldenSewingSUITests.xctest; sourceTree = BUILT_PRODUCTS_DIR; };
		52B013B12CEE530700506605 /* GSTabView.swift */ = {isa = PBXFileReference; lastKnownFileType = sourcecode.swift; path = GSTabView.swift; sourceTree = "<group>"; };
		52B8CD6A2AF69C1800962EEF /* Info.plist */ = {isa = PBXFileReference; lastKnownFileType = text.plist.xml; path = Info.plist; sourceTree = "<group>"; };
		52C53FF52DD7BFE800081E64 /* FeatureServiceTest.swift */ = {isa = PBXFileReference; lastKnownFileType = sourcecode.swift; path = FeatureServiceTest.swift; sourceTree = "<group>"; };
		52C53FF62DD7C2E800081E64 /* GoldenSewingSUI.xctestplan */ = {isa = PBXFileReference; lastKnownFileType = text; name = GoldenSewingSUI.xctestplan; path = GoldenSewingSUITests/GoldenSewingSUI.xctestplan; sourceTree = "<group>"; };
		52C53FF82DD8835D00081E64 /* FeatureFlag */ = {isa = PBXFileReference; lastKnownFileType = wrapper; path = FeatureFlag; sourceTree = "<group>"; };
		52C855502CCC0553007FE216 /* ProductItemView.swift */ = {isa = PBXFileReference; lastKnownFileType = sourcecode.swift; path = ProductItemView.swift; sourceTree = "<group>"; };
		52EBDBF82CE65B3100FC869E /* ImageViewContainer.swift */ = {isa = PBXFileReference; lastKnownFileType = sourcecode.swift; path = ImageViewContainer.swift; sourceTree = "<group>"; };
		52EBDBFA2CE65BD800FC869E /* ProductPreviewGalleryView.swift */ = {isa = PBXFileReference; lastKnownFileType = sourcecode.swift; path = ProductPreviewGalleryView.swift; sourceTree = "<group>"; };
		52EEED552C4BD40F00699AC9 /* Utilities */ = {isa = PBXFileReference; lastKnownFileType = wrapper; path = Utilities; sourceTree = "<group>"; };
		52EEED572C4BD56600699AC9 /* Types.swift */ = {isa = PBXFileReference; lastKnownFileType = sourcecode.swift; path = Types.swift; sourceTree = "<group>"; };
		52EEED5B2C4BDB9400699AC9 /* Injection.swift */ = {isa = PBXFileReference; lastKnownFileType = sourcecode.swift; path = Injection.swift; sourceTree = "<group>"; };
		52EEED5E2C4BDF2100699AC9 /* AppStarterService.swift */ = {isa = PBXFileReference; lastKnownFileType = sourcecode.swift; path = AppStarterService.swift; sourceTree = "<group>"; };
		52FED0D62AF697D400490D31 /* Info.plist */ = {isa = PBXFileReference; lastKnownFileType = text.plist; path = Info.plist; sourceTree = "<group>"; };
/* End PBXFileReference section */

/* Begin PBXFrameworksBuildPhase section */
		523752BC2AC1EF930007C48A /* Frameworks */ = {
			isa = PBXFrameworksBuildPhase;
			buildActionMask = 2147483647;
			files = (
				523C07C52C40359D008253DE /* DataNormaliserKit in Frameworks */,
				52C53FFA2DD8884E00081E64 /* FeatureFlag in Frameworks */,
				52C53FFF2DD888E100081E64 /* DependenciesMacros in Frameworks */,
				5279F0BB2C4532780070BAC7 /* Constants in Frameworks */,
				52C53FFD2DD888E100081E64 /* Dependencies in Frameworks */,
				522E24B32C306EF800C9A774 /* NetworkKit in Frameworks */,
				52EEED5A2C4BD57100699AC9 /* Utilities in Frameworks */,
				5218A2852CDBD90B002D9A7D /* SwiftDataModule in Frameworks */,
				522E24AF2C303AD700C9A774 /* ModelsKit in Frameworks */,
				522E24A92C300A2F00C9A774 /* CachedDataKit in Frameworks */,
			);
			runOnlyForDeploymentPostprocessing = 0;
		};
		52A81F412AC35F3D003D8F46 /* Frameworks */ = {
			isa = PBXFrameworksBuildPhase;
			buildActionMask = 2147483647;
			files = (
				52C53FF42DD7BC6B00081E64 /* DependenciesTestSupport in Frameworks */,
				52C540012DD888E100081E64 /* DependenciesTestSupport in Frameworks */,
			);
			runOnlyForDeploymentPostprocessing = 0;
		};
/* End PBXFrameworksBuildPhase section */

/* Begin PBXGroup section */
		5210B5BD2C4BF63700C04CE9 /* Utilities */ = {
			isa = PBXGroup;
			children = (
				52EEED572C4BD56600699AC9 /* Types.swift */,
			);
			path = Utilities;
			sourceTree = "<group>";
		};
		521A558D2D74B3D100831E00 /* Menu Screen */ = {
			isa = PBXGroup;
			children = (
				521A55962D74D46000831E00 /* MenuItemRow.swift */,
				521A55942D74D39600831E00 /* MenuItemView.swift */,
				521A55922D74D38000831E00 /* MenuItemType.swift */,
				521A558E2D74B3E300831E00 /* MenuScreen.swift */,
				521A55902D74C02700831E00 /* MenuDeliveryScreen.swift */,
				52A1D26C2D79E1E300FC63AE /* MenuDiscountScreen.swift */,
				52A1D26E2D79E82200FC63AE /* MenuAboutUsScreen.swift */,
				52A1D2702D79F05700FC63AE /* MenuForPartnersScreen.swift */,
				52A1D2722D79F5D200FC63AE /* MenuAwardsScreen.swift */,
				52A1D2742D7A0AD500FC63AE /* MenuContactsScreen.swift */,
			);
			path = "Menu Screen";
			sourceTree = "<group>";
		};
		5228861C2AD9B4BD000BBD00 /* Frameworks */ = {
			isa = PBXGroup;
			children = (
			);
			name = Frameworks;
			sourceTree = "<group>";
		};
		522E24A62C30095500C9A774 /* Packages */ = {
			isa = PBXGroup;
			children = (
				52C53FF82DD8835D00081E64 /* FeatureFlag */,
				5218A2832CDB9BB4002D9A7D /* SwiftDataModule */,
				52EEED552C4BD40F00699AC9 /* Utilities */,
				5279F0B82C45326F0070BAC7 /* Constants */,
				523C07C22C40358E008253DE /* DataNormaliserKit */,
				522E24B02C3068BE00C9A774 /* NetworkKit */,
				522E24AC2C303A9D00C9A774 /* ModelsKit */,
				522E24AA2C300B5700C9A774 /* CachedDataKit */,
			);
			path = Packages;
			sourceTree = "<group>";
		};
		523752B62AC1EF930007C48A = {
			isa = PBXGroup;
			children = (
				52C53FF62DD7C2E800081E64 /* GoldenSewingSUI.xctestplan */,
				523752C12AC1EF930007C48A /* GoldenSewingSUI */,
				52A81F452AC35F3D003D8F46 /* GoldenSewingSUITests */,
				523752C02AC1EF930007C48A /* Products */,
				5228861C2AD9B4BD000BBD00 /* Frameworks */,
			);
			sourceTree = "<group>";
		};
		523752C02AC1EF930007C48A /* Products */ = {
			isa = PBXGroup;
			children = (
				523752BF2AC1EF930007C48A /* GoldenSewingSUI.app */,
				52A81F442AC35F3D003D8F46 /* GoldenSewingSUITests.xctest */,
			);
			name = Products;
			sourceTree = "<group>";
		};
		523752C12AC1EF930007C48A /* GoldenSewingSUI */ = {
			isa = PBXGroup;
			children = (
				52EBDBF72CE65B1000FC869E /* Components */,
				5263957F2ACE99B400C8D48A /* Features */,
				522E24A62C30095500C9A774 /* Packages */,
				523752C82AC1EF950007C48A /* Preview Content */,
				523752D72AC1F8CB0007C48A /* Resources */,
				52EEED5D2C4BDF0A00699AC9 /* Services */,
				5210B5BD2C4BF63700C04CE9 /* Utilities */,
				52975CFA2C483B4F009CB283 /* RootScreen.swift */,
				523752C22AC1EF930007C48A /* GoldenSewingSUIApp.swift */,
			);
			path = GoldenSewingSUI;
			sourceTree = "<group>";
		};
		523752C82AC1EF950007C48A /* Preview Content */ = {
			isa = PBXGroup;
			children = (
				5241C5802CCAB80E009F9186 /* MockData.swift */,
				523752C92AC1EF950007C48A /* Preview Assets.xcassets */,
			);
			path = "Preview Content";
			sourceTree = "<group>";
		};
		523752D72AC1F8CB0007C48A /* Resources */ = {
			isa = PBXGroup;
			children = (
				52B8CD6A2AF69C1800962EEF /* Info.plist */,
				523752C62AC1EF950007C48A /* Assets.xcassets */,
			);
			path = Resources;
			sourceTree = "<group>";
		};
		5241C57D2CCAB73B009F9186 /* PostDetailFeature */ = {
			isa = PBXGroup;
			children = (
				5241C57E2CCAB759009F9186 /* ProductDetailScreen.swift */,
			);
			path = PostDetailFeature;
			sourceTree = "<group>";
		};
		5241C5822CCAC965009F9186 /* CategoryListScreen */ = {
			isa = PBXGroup;
			children = (
				5241C5832CCAC97B009F9186 /* CategoryListScreen.swift */,
				52C855502CCC0553007FE216 /* ProductItemView.swift */,
			);
			path = CategoryListScreen;
			sourceTree = "<group>";
		};
		5263957F2ACE99B400C8D48A /* Features */ = {
			isa = PBXGroup;
			children = (
				521A558D2D74B3D100831E00 /* Menu Screen */,
				528F016B2D0C9D4A0083B7D9 /* Favourites List Screen */,
				52B013B02CEE52F900506605 /* Tab view */,
				5241C5822CCAC965009F9186 /* CategoryListScreen */,
				5241C57D2CCAB73B009F9186 /* PostDetailFeature */,
				5279F0B32C43E1500070BAC7 /* CatalogFeature */,
			);
			path = Features;
			sourceTree = "<group>";
		};
		5279F0B32C43E1500070BAC7 /* CatalogFeature */ = {
			isa = PBXGroup;
			children = (
				522A5B0A2DAFFD69008D7205 /* CategoryViewModel.swift */,
				5279F0B42C43E1680070BAC7 /* CatalogListFeature.swift */,
				5279F0B62C44103B0070BAC7 /* CatalogListViewModel.swift */,
			);
			path = CatalogFeature;
			sourceTree = "<group>";
		};
		528F016B2D0C9D4A0083B7D9 /* Favourites List Screen */ = {
			isa = PBXGroup;
			children = (
				528F016C2D0C9D670083B7D9 /* FavouritesListScreen.swift */,
			);
			path = "Favourites List Screen";
			sourceTree = "<group>";
		};
		52A81F452AC35F3D003D8F46 /* GoldenSewingSUITests */ = {
			isa = PBXGroup;
			children = (
				52C53FF52DD7BFE800081E64 /* FeatureServiceTest.swift */,
				52FED0D62AF697D400490D31 /* Info.plist */,
			);
			path = GoldenSewingSUITests;
			sourceTree = "<group>";
		};
		52B013B02CEE52F900506605 /* Tab view */ = {
			isa = PBXGroup;
			children = (
				52B013B12CEE530700506605 /* GSTabView.swift */,
			);
			path = "Tab view";
			sourceTree = "<group>";
		};
		52EBDBF72CE65B1000FC869E /* Components */ = {
			isa = PBXGroup;
			children = (
				5268252E2CE8B21C007781EE /* GalleryViewContainer.swift */,
				5268252C2CE8B13A007781EE /* ProductGalleryView.swift */,
				52EBDBFA2CE65BD800FC869E /* ProductPreviewGalleryView.swift */,
				52EBDBF82CE65B3100FC869E /* ImageViewContainer.swift */,
				526825302CE90F2E007781EE /* MailView.swift */,
			);
			path = Components;
			sourceTree = "<group>";
		};
		52EEED5D2C4BDF0A00699AC9 /* Services */ = {
			isa = PBXGroup;
			children = (
				528F016E2D0DC0A30083B7D9 /* FavouritesObserver.swift */,
				521CC7EC2CDFABA900A84E4E /* ImageLoader.swift */,
				52EEED5B2C4BDB9400699AC9 /* Injection.swift */,
				52EEED5E2C4BDF2100699AC9 /* AppStarterService.swift */,
				52975CF82C4837E9009CB283 /* Router.swift */,
			);
			path = Services;
			sourceTree = "<group>";
		};
/* End PBXGroup section */

/* Begin PBXNativeTarget section */
		523752BE2AC1EF930007C48A /* GoldenSewingSUI */ = {
			isa = PBXNativeTarget;
			buildConfigurationList = 523752CD2AC1EF950007C48A /* Build configuration list for PBXNativeTarget "GoldenSewingSUI" */;
			buildPhases = (
				523752BB2AC1EF930007C48A /* Sources */,
				523752BC2AC1EF930007C48A /* Frameworks */,
				523752BD2AC1EF930007C48A /* Resources */,
			);
			buildRules = (
			);
			dependencies = (
			);
			name = GoldenSewingSUI;
			packageProductDependencies = (
				522E24A82C300A2F00C9A774 /* CachedDataKit */,
				522E24AE2C303AD700C9A774 /* ModelsKit */,
				522E24B22C306EF800C9A774 /* NetworkKit */,
				523C07C42C40359D008253DE /* DataNormaliserKit */,
				5279F0BA2C4532780070BAC7 /* Constants */,
				52EEED592C4BD57100699AC9 /* Utilities */,
				5218A2842CDBD90B002D9A7D /* SwiftDataModule */,
				52C53FF92DD8884E00081E64 /* FeatureFlag */,
				52C53FFC2DD888E100081E64 /* Dependencies */,
				52C53FFE2DD888E100081E64 /* DependenciesMacros */,
			);
			productName = GoldenSewingSUI;
			productReference = 523752BF2AC1EF930007C48A /* GoldenSewingSUI.app */;
			productType = "com.apple.product-type.application";
		};
		52A81F432AC35F3D003D8F46 /* GoldenSewingSUITests */ = {
			isa = PBXNativeTarget;
			buildConfigurationList = 52A81F4A2AC35F3D003D8F46 /* Build configuration list for PBXNativeTarget "GoldenSewingSUITests" */;
			buildPhases = (
				52A81F402AC35F3D003D8F46 /* Sources */,
				52A81F412AC35F3D003D8F46 /* Frameworks */,
				52A81F422AC35F3D003D8F46 /* Resources */,
			);
			buildRules = (
			);
			dependencies = (
				52A81F492AC35F3D003D8F46 /* PBXTargetDependency */,
			);
			name = GoldenSewingSUITests;
			productName = GoldenSewingSUITests;
			productReference = 52A81F442AC35F3D003D8F46 /* GoldenSewingSUITests.xctest */;
			productType = "com.apple.product-type.bundle.unit-test";
		};
/* End PBXNativeTarget section */

/* Begin PBXProject section */
		523752B72AC1EF930007C48A /* Project object */ = {
			isa = PBXProject;
			attributes = {
				BuildIndependentTargetsInParallel = 1;
				LastSwiftUpdateCheck = 1500;
				LastUpgradeCheck = 1500;
				TargetAttributes = {
					523752BE2AC1EF930007C48A = {
						CreatedOnToolsVersion = 15.0;
					};
					52A81F432AC35F3D003D8F46 = {
						CreatedOnToolsVersion = 15.0;
						TestTargetID = 523752BE2AC1EF930007C48A;
					};
				};
			};
			buildConfigurationList = 523752BA2AC1EF930007C48A /* Build configuration list for PBXProject "GoldenSewingSUI" */;
			compatibilityVersion = "Xcode 14.0";
			developmentRegion = en;
			hasScannedForEncodings = 0;
			knownRegions = (
				en,
				Base,
			);
			mainGroup = 523752B62AC1EF930007C48A;
			packageReferences = (
				52C53FFB2DD888E100081E64 /* XCRemoteSwiftPackageReference "swift-dependencies" */,
			);
			productRefGroup = 523752C02AC1EF930007C48A /* Products */;
			projectDirPath = "";
			projectRoot = "";
			targets = (
				523752BE2AC1EF930007C48A /* GoldenSewingSUI */,
				52A81F432AC35F3D003D8F46 /* GoldenSewingSUITests */,
			);
		};
/* End PBXProject section */

/* Begin PBXResourcesBuildPhase section */
		523752BD2AC1EF930007C48A /* Resources */ = {
			isa = PBXResourcesBuildPhase;
			buildActionMask = 2147483647;
			files = (
				522E24AB2C300B5800C9A774 /* CachedDataKit in Resources */,
				52EEED562C4BD40F00699AC9 /* Utilities in Resources */,
				523C07C32C40358E008253DE /* DataNormaliserKit in Resources */,
				523752CA2AC1EF950007C48A /* Preview Assets.xcassets in Resources */,
				523752C72AC1EF950007C48A /* Assets.xcassets in Resources */,
				522E24AD2C303A9D00C9A774 /* ModelsKit in Resources */,
				522E24B12C3068BE00C9A774 /* NetworkKit in Resources */,
				5279F0B92C45326F0070BAC7 /* Constants in Resources */,
			);
			runOnlyForDeploymentPostprocessing = 0;
		};
		52A81F422AC35F3D003D8F46 /* Resources */ = {
			isa = PBXResourcesBuildPhase;
			buildActionMask = 2147483647;
			files = (
			);
			runOnlyForDeploymentPostprocessing = 0;
		};
/* End PBXResourcesBuildPhase section */

/* Begin PBXSourcesBuildPhase section */
		523752BB2AC1EF930007C48A /* Sources */ = {
			isa = PBXSourcesBuildPhase;
			buildActionMask = 2147483647;
			files = (
				5279F0B72C44103B0070BAC7 /* CatalogListViewModel.swift in Sources */,
				52EEED5C2C4BDB9400699AC9 /* Injection.swift in Sources */,
				521A558F2D74B3E300831E00 /* MenuScreen.swift in Sources */,
				521A55932D74D38000831E00 /* MenuItemType.swift in Sources */,
				52EEED582C4BD56600699AC9 /* Types.swift in Sources */,
				52A1D26D2D79E1E300FC63AE /* MenuDiscountScreen.swift in Sources */,
				52C855512CCC0553007FE216 /* ProductItemView.swift in Sources */,
				521A55912D74C02700831E00 /* MenuDeliveryScreen.swift in Sources */,
				52975CFB2C483B4F009CB283 /* RootScreen.swift in Sources */,
				52975CF92C4837E9009CB283 /* Router.swift in Sources */,
				52A1D2712D79F05700FC63AE /* MenuForPartnersScreen.swift in Sources */,
				5241C57F2CCAB759009F9186 /* ProductDetailScreen.swift in Sources */,
				521A55972D74D46000831E00 /* MenuItemRow.swift in Sources */,
				526825312CE90F2E007781EE /* MailView.swift in Sources */,
				5279F0B52C43E1680070BAC7 /* CatalogListFeature.swift in Sources */,
				523752C32AC1EF930007C48A /* GoldenSewingSUIApp.swift in Sources */,
				52EBDBFB2CE65BD800FC869E /* ProductPreviewGalleryView.swift in Sources */,
				5241C5842CCAC97B009F9186 /* CategoryListScreen.swift in Sources */,
				52A1D2732D79F5D200FC63AE /* MenuAwardsScreen.swift in Sources */,
				5268252F2CE8B21C007781EE /* GalleryViewContainer.swift in Sources */,
				528F016D2D0C9D670083B7D9 /* FavouritesListScreen.swift in Sources */,
				52B013B22CEE530700506605 /* GSTabView.swift in Sources */,
				52EBDBF92CE65B3100FC869E /* ImageViewContainer.swift in Sources */,
				5241C5812CCAB812009F9186 /* MockData.swift in Sources */,
				52A1D26F2D79E82200FC63AE /* MenuAboutUsScreen.swift in Sources */,
				52A1D2752D7A0AD500FC63AE /* MenuContactsScreen.swift in Sources */,
				521CC7ED2CDFABAD00A84E4E /* ImageLoader.swift in Sources */,
				528F016F2D0DC0A30083B7D9 /* FavouritesObserver.swift in Sources */,
				522A5B0B2DAFFD69008D7205 /* CategoryViewModel.swift in Sources */,
				52EEED5F2C4BDF2100699AC9 /* AppStarterService.swift in Sources */,
				5268252D2CE8B13A007781EE /* ProductGalleryView.swift in Sources */,
				521A55952D74D39600831E00 /* MenuItemView.swift in Sources */,
			);
			runOnlyForDeploymentPostprocessing = 0;
		};
		52A81F402AC35F3D003D8F46 /* Sources */ = {
			isa = PBXSourcesBuildPhase;
			buildActionMask = 2147483647;
			files = (
				52C53FF72DD7C2FC00081E64 /* FeatureServiceTest.swift in Sources */,
			);
			runOnlyForDeploymentPostprocessing = 0;
		};
/* End PBXSourcesBuildPhase section */

/* Begin PBXTargetDependency section */
		52A81F492AC35F3D003D8F46 /* PBXTargetDependency */ = {
			isa = PBXTargetDependency;
			target = 523752BE2AC1EF930007C48A /* GoldenSewingSUI */;
			targetProxy = 52A81F482AC35F3D003D8F46 /* PBXContainerItemProxy */;
		};
/* End PBXTargetDependency section */

/* Begin XCBuildConfiguration section */
		523752CB2AC1EF950007C48A /* Debug */ = {
			isa = XCBuildConfiguration;
			buildSettings = {
				ALWAYS_SEARCH_USER_PATHS = NO;
				ASSETCATALOG_COMPILER_GENERATE_SWIFT_ASSET_SYMBOL_EXTENSIONS = YES;
				CLANG_ANALYZER_NONNULL = YES;
				CLANG_ANALYZER_NUMBER_OBJECT_CONVERSION = YES_AGGRESSIVE;
				CLANG_CXX_LANGUAGE_STANDARD = "gnu++20";
				CLANG_ENABLE_MODULES = YES;
				CLANG_ENABLE_OBJC_ARC = YES;
				CLANG_ENABLE_OBJC_WEAK = YES;
				CLANG_WARN_BLOCK_CAPTURE_AUTORELEASING = YES;
				CLANG_WARN_BOOL_CONVERSION = YES;
				CLANG_WARN_COMMA = YES;
				CLANG_WARN_CONSTANT_CONVERSION = YES;
				CLANG_WARN_DEPRECATED_OBJC_IMPLEMENTATIONS = YES;
				CLANG_WARN_DIRECT_OBJC_ISA_USAGE = YES_ERROR;
				CLANG_WARN_DOCUMENTATION_COMMENTS = YES;
				CLANG_WARN_EMPTY_BODY = YES;
				CLANG_WARN_ENUM_CONVERSION = YES;
				CLANG_WARN_INFINITE_RECURSION = YES;
				CLANG_WARN_INT_CONVERSION = YES;
				CLANG_WARN_NON_LITERAL_NULL_CONVERSION = YES;
				CLANG_WARN_OBJC_IMPLICIT_RETAIN_SELF = YES;
				CLANG_WARN_OBJC_LITERAL_CONVERSION = YES;
				CLANG_WARN_OBJC_ROOT_CLASS = YES_ERROR;
				CLANG_WARN_QUOTED_INCLUDE_IN_FRAMEWORK_HEADER = YES;
				CLANG_WARN_RANGE_LOOP_ANALYSIS = YES;
				CLANG_WARN_STRICT_PROTOTYPES = YES;
				CLANG_WARN_SUSPICIOUS_MOVE = YES;
				CLANG_WARN_UNGUARDED_AVAILABILITY = YES_AGGRESSIVE;
				CLANG_WARN_UNREACHABLE_CODE = YES;
				CLANG_WARN__DUPLICATE_METHOD_MATCH = YES;
				COPY_PHASE_STRIP = NO;
				DEBUG_INFORMATION_FORMAT = dwarf;
				ENABLE_STRICT_OBJC_MSGSEND = YES;
				ENABLE_TESTABILITY = YES;
				ENABLE_USER_SCRIPT_SANDBOXING = YES;
				GCC_C_LANGUAGE_STANDARD = gnu17;
				GCC_DYNAMIC_NO_PIC = NO;
				GCC_NO_COMMON_BLOCKS = YES;
				GCC_OPTIMIZATION_LEVEL = 0;
				GCC_PREPROCESSOR_DEFINITIONS = (
					"DEBUG=1",
					"$(inherited)",
				);
				GCC_WARN_64_TO_32_BIT_CONVERSION = YES;
				GCC_WARN_ABOUT_RETURN_TYPE = YES_ERROR;
				GCC_WARN_UNDECLARED_SELECTOR = YES;
				GCC_WARN_UNINITIALIZED_AUTOS = YES_AGGRESSIVE;
				GCC_WARN_UNUSED_FUNCTION = YES;
				GCC_WARN_UNUSED_VARIABLE = YES;
				IPHONEOS_DEPLOYMENT_TARGET = 17.0;
				LOCALIZATION_PREFERS_STRING_CATALOGS = YES;
				MTL_ENABLE_DEBUG_INFO = INCLUDE_SOURCE;
				MTL_FAST_MATH = YES;
				ONLY_ACTIVE_ARCH = YES;
				SDKROOT = iphoneos;
				SWIFT_ACTIVE_COMPILATION_CONDITIONS = "DEBUG $(inherited)";
				SWIFT_OPTIMIZATION_LEVEL = "-Onone";
			};
			name = Debug;
		};
		523752CC2AC1EF950007C48A /* Release */ = {
			isa = XCBuildConfiguration;
			buildSettings = {
				ALWAYS_SEARCH_USER_PATHS = NO;
				ASSETCATALOG_COMPILER_GENERATE_SWIFT_ASSET_SYMBOL_EXTENSIONS = YES;
				CLANG_ANALYZER_NONNULL = YES;
				CLANG_ANALYZER_NUMBER_OBJECT_CONVERSION = YES_AGGRESSIVE;
				CLANG_CXX_LANGUAGE_STANDARD = "gnu++20";
				CLANG_ENABLE_MODULES = YES;
				CLANG_ENABLE_OBJC_ARC = YES;
				CLANG_ENABLE_OBJC_WEAK = YES;
				CLANG_WARN_BLOCK_CAPTURE_AUTORELEASING = YES;
				CLANG_WARN_BOOL_CONVERSION = YES;
				CLANG_WARN_COMMA = YES;
				CLANG_WARN_CONSTANT_CONVERSION = YES;
				CLANG_WARN_DEPRECATED_OBJC_IMPLEMENTATIONS = YES;
				CLANG_WARN_DIRECT_OBJC_ISA_USAGE = YES_ERROR;
				CLANG_WARN_DOCUMENTATION_COMMENTS = YES;
				CLANG_WARN_EMPTY_BODY = YES;
				CLANG_WARN_ENUM_CONVERSION = YES;
				CLANG_WARN_INFINITE_RECURSION = YES;
				CLANG_WARN_INT_CONVERSION = YES;
				CLANG_WARN_NON_LITERAL_NULL_CONVERSION = YES;
				CLANG_WARN_OBJC_IMPLICIT_RETAIN_SELF = YES;
				CLANG_WARN_OBJC_LITERAL_CONVERSION = YES;
				CLANG_WARN_OBJC_ROOT_CLASS = YES_ERROR;
				CLANG_WARN_QUOTED_INCLUDE_IN_FRAMEWORK_HEADER = YES;
				CLANG_WARN_RANGE_LOOP_ANALYSIS = YES;
				CLANG_WARN_STRICT_PROTOTYPES = YES;
				CLANG_WARN_SUSPICIOUS_MOVE = YES;
				CLANG_WARN_UNGUARDED_AVAILABILITY = YES_AGGRESSIVE;
				CLANG_WARN_UNREACHABLE_CODE = YES;
				CLANG_WARN__DUPLICATE_METHOD_MATCH = YES;
				COPY_PHASE_STRIP = NO;
				DEBUG_INFORMATION_FORMAT = "dwarf-with-dsym";
				ENABLE_NS_ASSERTIONS = NO;
				ENABLE_STRICT_OBJC_MSGSEND = YES;
				ENABLE_USER_SCRIPT_SANDBOXING = YES;
				GCC_C_LANGUAGE_STANDARD = gnu17;
				GCC_NO_COMMON_BLOCKS = YES;
				GCC_WARN_64_TO_32_BIT_CONVERSION = YES;
				GCC_WARN_ABOUT_RETURN_TYPE = YES_ERROR;
				GCC_WARN_UNDECLARED_SELECTOR = YES;
				GCC_WARN_UNINITIALIZED_AUTOS = YES_AGGRESSIVE;
				GCC_WARN_UNUSED_FUNCTION = YES;
				GCC_WARN_UNUSED_VARIABLE = YES;
				IPHONEOS_DEPLOYMENT_TARGET = 17.0;
				LOCALIZATION_PREFERS_STRING_CATALOGS = YES;
				MTL_ENABLE_DEBUG_INFO = NO;
				MTL_FAST_MATH = YES;
				SDKROOT = iphoneos;
				SWIFT_COMPILATION_MODE = wholemodule;
				VALIDATE_PRODUCT = YES;
			};
			name = Release;
		};
		523752CE2AC1EF950007C48A /* Debug */ = {
			isa = XCBuildConfiguration;
			buildSettings = {
				ASSETCATALOG_COMPILER_APPICON_NAME = AppIcon;
				ASSETCATALOG_COMPILER_GLOBAL_ACCENT_COLOR_NAME = AccentColor;
				CODE_SIGN_STYLE = Automatic;
				CURRENT_PROJECT_VERSION = 1;
				DEVELOPMENT_ASSET_PATHS = "\"GoldenSewingSUI/Preview Content\"";
				DEVELOPMENT_TEAM = 3PTYV272Z4;
				ENABLE_PREVIEWS = YES;
				GENERATE_INFOPLIST_FILE = YES;
				INFOPLIST_FILE = GoldenSewingSUI/Resources/Info.plist;
				INFOPLIST_KEY_UIApplicationSceneManifest_Generation = YES;
				INFOPLIST_KEY_UIApplicationSupportsIndirectInputEvents = YES;
				INFOPLIST_KEY_UILaunchScreen_Generation = YES;
				INFOPLIST_KEY_UISupportedInterfaceOrientations_iPad = "UIInterfaceOrientationPortrait UIInterfaceOrientationPortraitUpsideDown UIInterfaceOrientationLandscapeLeft UIInterfaceOrientationLandscapeRight";
				INFOPLIST_KEY_UISupportedInterfaceOrientations_iPhone = "UIInterfaceOrientationPortrait UIInterfaceOrientationLandscapeLeft UIInterfaceOrientationLandscapeRight";
				LD_RUNPATH_SEARCH_PATHS = (
					"$(inherited)",
					"@executable_path/Frameworks",
				);
				MARKETING_VERSION = 1.0;
				PRODUCT_BUNDLE_IDENTIFIER = com.kr.ssh.GoldenSewingSUI;
				PRODUCT_NAME = "$(TARGET_NAME)";
				SWIFT_EMIT_LOC_STRINGS = YES;
				SWIFT_VERSION = 5.0;
				TARGETED_DEVICE_FAMILY = "1,2";
			};
			name = Debug;
		};
		523752CF2AC1EF950007C48A /* Release */ = {
			isa = XCBuildConfiguration;
			buildSettings = {
				ASSETCATALOG_COMPILER_APPICON_NAME = AppIcon;
				ASSETCATALOG_COMPILER_GLOBAL_ACCENT_COLOR_NAME = AccentColor;
				CODE_SIGN_STYLE = Automatic;
				CURRENT_PROJECT_VERSION = 1;
				DEVELOPMENT_ASSET_PATHS = "\"GoldenSewingSUI/Preview Content\"";
				DEVELOPMENT_TEAM = 3PTYV272Z4;
				ENABLE_PREVIEWS = YES;
				GENERATE_INFOPLIST_FILE = YES;
				INFOPLIST_FILE = GoldenSewingSUI/Resources/Info.plist;
				INFOPLIST_KEY_UIApplicationSceneManifest_Generation = YES;
				INFOPLIST_KEY_UIApplicationSupportsIndirectInputEvents = YES;
				INFOPLIST_KEY_UILaunchScreen_Generation = YES;
				INFOPLIST_KEY_UISupportedInterfaceOrientations_iPad = "UIInterfaceOrientationPortrait UIInterfaceOrientationPortraitUpsideDown UIInterfaceOrientationLandscapeLeft UIInterfaceOrientationLandscapeRight";
				INFOPLIST_KEY_UISupportedInterfaceOrientations_iPhone = "UIInterfaceOrientationPortrait UIInterfaceOrientationLandscapeLeft UIInterfaceOrientationLandscapeRight";
				LD_RUNPATH_SEARCH_PATHS = (
					"$(inherited)",
					"@executable_path/Frameworks",
				);
				MARKETING_VERSION = 1.0;
				PRODUCT_BUNDLE_IDENTIFIER = com.kr.ssh.GoldenSewingSUI;
				PRODUCT_NAME = "$(TARGET_NAME)";
				SWIFT_EMIT_LOC_STRINGS = YES;
				SWIFT_VERSION = 5.0;
				TARGETED_DEVICE_FAMILY = "1,2";
			};
			name = Release;
		};
		52A81F4B2AC35F3D003D8F46 /* Debug */ = {
			isa = XCBuildConfiguration;
			buildSettings = {
				BUNDLE_LOADER = "$(TEST_HOST)";
				CODE_SIGN_STYLE = Automatic;
				CURRENT_PROJECT_VERSION = 1;
				DEVELOPMENT_TEAM = 3PTYV272Z4;
				GENERATE_INFOPLIST_FILE = YES;
				INFOPLIST_FILE = GoldenSewingSUITests/Info.plist;
				MARKETING_VERSION = 1.0;
				PRODUCT_BUNDLE_IDENTIFIER = com.kr.ssh.GoldenSewingSUITests;
				PRODUCT_NAME = "$(TARGET_NAME)";
				SWIFT_EMIT_LOC_STRINGS = NO;
				SWIFT_VERSION = 5.0;
				TARGETED_DEVICE_FAMILY = "1,2";
				TEST_HOST = "$(BUILT_PRODUCTS_DIR)/GoldenSewingSUI.app/$(BUNDLE_EXECUTABLE_FOLDER_PATH)/GoldenSewingSUI";
			};
			name = Debug;
		};
		52A81F4C2AC35F3D003D8F46 /* Release */ = {
			isa = XCBuildConfiguration;
			buildSettings = {
				BUNDLE_LOADER = "$(TEST_HOST)";
				CODE_SIGN_STYLE = Automatic;
				CURRENT_PROJECT_VERSION = 1;
				DEVELOPMENT_TEAM = 3PTYV272Z4;
				GENERATE_INFOPLIST_FILE = YES;
				INFOPLIST_FILE = GoldenSewingSUITests/Info.plist;
				MARKETING_VERSION = 1.0;
				PRODUCT_BUNDLE_IDENTIFIER = com.kr.ssh.GoldenSewingSUITests;
				PRODUCT_NAME = "$(TARGET_NAME)";
				SWIFT_EMIT_LOC_STRINGS = NO;
				SWIFT_VERSION = 5.0;
				TARGETED_DEVICE_FAMILY = "1,2";
				TEST_HOST = "$(BUILT_PRODUCTS_DIR)/GoldenSewingSUI.app/$(BUNDLE_EXECUTABLE_FOLDER_PATH)/GoldenSewingSUI";
			};
			name = Release;
		};
/* End XCBuildConfiguration section */

/* Begin XCConfigurationList section */
		523752BA2AC1EF930007C48A /* Build configuration list for PBXProject "GoldenSewingSUI" */ = {
			isa = XCConfigurationList;
			buildConfigurations = (
				523752CB2AC1EF950007C48A /* Debug */,
				523752CC2AC1EF950007C48A /* Release */,
			);
			defaultConfigurationIsVisible = 0;
			defaultConfigurationName = Release;
		};
		523752CD2AC1EF950007C48A /* Build configuration list for PBXNativeTarget "GoldenSewingSUI" */ = {
			isa = XCConfigurationList;
			buildConfigurations = (
				523752CE2AC1EF950007C48A /* Debug */,
				523752CF2AC1EF950007C48A /* Release */,
			);
			defaultConfigurationIsVisible = 0;
			defaultConfigurationName = Release;
		};
		52A81F4A2AC35F3D003D8F46 /* Build configuration list for PBXNativeTarget "GoldenSewingSUITests" */ = {
			isa = XCConfigurationList;
			buildConfigurations = (
				52A81F4B2AC35F3D003D8F46 /* Debug */,
				52A81F4C2AC35F3D003D8F46 /* Release */,
			);
			defaultConfigurationIsVisible = 0;
			defaultConfigurationName = Release;
		};
/* End XCConfigurationList section */

/* Begin XCRemoteSwiftPackageReference section */
		52C53FEE2DD7BC6B00081E64 /* XCRemoteSwiftPackageReference "swift-dependencies" */ = {
			isa = XCRemoteSwiftPackageReference;
			repositoryURL = "https://github.com/pointfreeco/swift-dependencies";
			requirement = {
				kind = upToNextMajorVersion;
				minimumVersion = 1.9.2;
			};
		};
		52C53FFB2DD888E100081E64 /* XCRemoteSwiftPackageReference "swift-dependencies" */ = {
			isa = XCRemoteSwiftPackageReference;
			repositoryURL = "https://github.com/pointfreeco/swift-dependencies";
			requirement = {
				kind = upToNextMajorVersion;
				minimumVersion = 1.9.2;
			};
		};
/* End XCRemoteSwiftPackageReference section */

/* Begin XCSwiftPackageProductDependency section */
		5218A2842CDBD90B002D9A7D /* SwiftDataModule */ = {
			isa = XCSwiftPackageProductDependency;
			productName = SwiftDataModule;
		};
		522E24A82C300A2F00C9A774 /* CachedDataKit */ = {
			isa = XCSwiftPackageProductDependency;
			productName = CachedDataKit;
		};
		522E24AE2C303AD700C9A774 /* ModelsKit */ = {
			isa = XCSwiftPackageProductDependency;
			productName = ModelsKit;
		};
		522E24B22C306EF800C9A774 /* NetworkKit */ = {
			isa = XCSwiftPackageProductDependency;
			productName = NetworkKit;
		};
		523C07C42C40359D008253DE /* DataNormaliserKit */ = {
			isa = XCSwiftPackageProductDependency;
			productName = DataNormaliserKit;
		};
		5279F0BA2C4532780070BAC7 /* Constants */ = {
			isa = XCSwiftPackageProductDependency;
			productName = Constants;
		};
		52C53FF32DD7BC6B00081E64 /* DependenciesTestSupport */ = {
			isa = XCSwiftPackageProductDependency;
			package = 52C53FEE2DD7BC6B00081E64 /* XCRemoteSwiftPackageReference "swift-dependencies" */;
			productName = DependenciesTestSupport;
		};
		52C53FF92DD8884E00081E64 /* FeatureFlag */ = {
			isa = XCSwiftPackageProductDependency;
			productName = FeatureFlag;
		};
		52C53FFC2DD888E100081E64 /* Dependencies */ = {
			isa = XCSwiftPackageProductDependency;
			package = 52C53FFB2DD888E100081E64 /* XCRemoteSwiftPackageReference "swift-dependencies" */;
			productName = Dependencies;
		};
		52C53FFE2DD888E100081E64 /* DependenciesMacros */ = {
			isa = XCSwiftPackageProductDependency;
			package = 52C53FFB2DD888E100081E64 /* XCRemoteSwiftPackageReference "swift-dependencies" */;
			productName = DependenciesMacros;
		};
		52C540002DD888E100081E64 /* DependenciesTestSupport */ = {
			isa = XCSwiftPackageProductDependency;
			package = 52C53FFB2DD888E100081E64 /* XCRemoteSwiftPackageReference "swift-dependencies" */;
			productName = DependenciesTestSupport;
		};
		52EEED592C4BD57100699AC9 /* Utilities */ = {
			isa = XCSwiftPackageProductDependency;
			productName = Utilities;
		};
/* End XCSwiftPackageProductDependency section */
	};
	rootObject = 523752B72AC1EF930007C48A /* Project object */;
}
